<?xml version="1.0" encoding="utf-8"?>
<Project ToolsVersion="4.0" xmlns="http://schemas.microsoft.com/developer/msbuild/2003">
  <ItemGroup>
    <ClCompile Include="..\..\..\OpenSceneGraph-3.4.1\src\osgGA\AnimationPathManipulator.cpp">
      <Filter>Source Files</Filter>
    </ClCompile>
    <ClCompile Include="..\..\..\OpenSceneGraph-3.4.1\src\osgGA\DriveManipulator.cpp">
      <Filter>Source Files</Filter>
    </ClCompile>
    <ClCompile Include="..\..\..\OpenSceneGraph-3.4.1\src\osgGA\Device.cpp">
      <Filter>Source Files</Filter>
    </ClCompile>
    <ClCompile Include="..\..\..\OpenSceneGraph-3.4.1\src\osgGA\Event.cpp">
      <Filter>Source Files</Filter>
    </ClCompile>
    <ClCompile Include="..\..\..\OpenSceneGraph-3.4.1\src\osgGA\EventHandler.cpp">
      <Filter>Source Files</Filter>
    </ClCompile>
    <ClCompile Include="..\..\..\OpenSceneGraph-3.4.1\src\osgGA\EventQueue.cpp">
      <Filter>Source Files</Filter>
    </ClCompile>
    <ClCompile Include="..\..\..\OpenSceneGraph-3.4.1\src\osgGA\EventVisitor.cpp">
      <Filter>Source Files</Filter>
    </ClCompile>
    <ClCompile Include="..\..\..\OpenSceneGraph-3.4.1\src\osgGA\FirstPersonManipulator.cpp">
      <Filter>Source Files</Filter>
    </ClCompile>
    <ClCompile Include="..\..\..\OpenSceneGraph-3.4.1\src\osgGA\FlightManipulator.cpp">
      <Filter>Source Files</Filter>
    </ClCompile>
    <ClCompile Include="..\..\..\OpenSceneGraph-3.4.1\src\osgGA\GUIEventAdapter.cpp">
      <Filter>Source Files</Filter>
    </ClCompile>
    <ClCompile Include="..\..\..\OpenSceneGraph-3.4.1\src\osgGA\GUIEventHandler.cpp">
      <Filter>Source Files</Filter>
    </ClCompile>
    <ClCompile Include="..\..\..\OpenSceneGraph-3.4.1\src\osgGA\KeySwitchMatrixManipulator.cpp">
      <Filter>Source Files</Filter>
    </ClCompile>
    <ClCompile Include="..\..\..\OpenSceneGraph-3.4.1\src\osgGA\CameraManipulator.cpp">
      <Filter>Source Files</Filter>
    </ClCompile>
    <ClCompile Include="..\..\..\OpenSceneGraph-3.4.1\src\osgGA\MultiTouchTrackballManipulator.cpp">
      <Filter>Source Files</Filter>
    </ClCompile>
    <ClCompile Include="..\..\..\OpenSceneGraph-3.4.1\src\osgGA\NodeTrackerManipulator.cpp">
      <Filter>Source Files</Filter>
    </ClCompile>
    <ClCompile Include="..\..\..\OpenSceneGraph-3.4.1\src\osgGA\OrbitManipulator.cpp">
      <Filter>Source Files</Filter>
    </ClCompile>
    <ClCompile Include="..\..\..\OpenSceneGraph-3.4.1\src\osgGA\StandardManipulator.cpp">
      <Filter>Source Files</Filter>
    </ClCompile>
    <ClCompile Include="..\..\..\OpenSceneGraph-3.4.1\src\osgGA\SphericalManipulator.cpp">
      <Filter>Source Files</Filter>
    </ClCompile>
    <ClCompile Include="..\..\..\OpenSceneGraph-3.4.1\src\osgGA\StateSetManipulator.cpp">
      <Filter>Source Files</Filter>
    </ClCompile>
    <ClCompile Include="..\..\..\OpenSceneGraph-3.4.1\src\osgGA\TerrainManipulator.cpp">
      <Filter>Source Files</Filter>
    </ClCompile>
    <ClCompile Include="..\..\..\OpenSceneGraph-3.4.1\src\osgGA\TrackballManipulator.cpp">
      <Filter>Source Files</Filter>
    </ClCompile>
    <ClCompile Include="..\..\..\OpenSceneGraph-3.4.1\src\osgGA\UFOManipulator.cpp">
      <Filter>Source Files</Filter>
    </ClCompile>
    <ClCompile Include="..\..\..\OpenSceneGraph-3.4.1\src\osgGA\Widget.cpp">
      <Filter>Source Files</Filter>
    </ClCompile>
    <ClCompile Include="..\..\..\OpenSceneGraph-3.4.1\src\osgGA\Version.cpp">
      <Filter>Source Files</Filter>
    </ClCompile>
    <ClCompile Include="..\..\..\OpenSceneGraph-3.4.1\src\osgGA\CameraViewSwitchManipulator.cpp">
      <Filter>Source Files</Filter>
    </ClCompile>
    <ClCompile Include="..\..\..\OpenSceneGraph-3.4.1\src\osgGA\TestManipulator.cpp">
      <Filter>Source Files</Filter>
    </ClCompile>
    <ClCompile Include="..\..\..\OpenSceneGraph-3.4.1\src\osgGA\BimOrbitManipulator.cpp">
      <Filter>Source Files</Filter>
    </ClCompile>
    <ClCompile Include="..\..\..\OpenSceneGraph-3.4.1\src\osgGA\OrbitManipulatorProjection.cpp">
      <Filter>Source Files</Filter>
    </ClCompile>
    <ClCompile Include="..\..\..\OpenSceneGraph-3.4.1\src\osgGA\ModelBimOrbitManipulator.cpp">
      <Filter>Source Files</Filter>
    </ClCompile>
  </ItemGroup>
  <ItemGroup>
    <None Include="..\..\..\OpenSceneGraph-3.4.1\include\osgGA\AnimationPathManipulator">
      <Filter>Header Files</Filter>
    </None>
    <None Include="..\..\..\OpenSceneGraph-3.4.1\include\osgGA\CameraViewSwitchManipulator">
      <Filter>Header Files</Filter>
    </None>
    <None Include="..\..\..\OpenSceneGraph-3.4.1\include\osgGA\DriveManipulator">
      <Filter>Header Files</Filter>
    </None>
    <None Include="..\..\..\OpenSceneGraph-3.4.1\include\osgGA\Device">
      <Filter>Header Files</Filter>
    </None>
    <None Include="..\..\..\OpenSceneGraph-3.4.1\include\osgGA\Event">
      <Filter>Header Files</Filter>
    </None>
    <None Include="..\..\..\OpenSceneGraph-3.4.1\include\osgGA\EventHandler">
      <Filter>Header Files</Filter>
    </None>
    <None Include="..\..\..\OpenSceneGraph-3.4.1\include\osgGA\EventQueue">
      <Filter>Header Files</Filter>
    </None>
    <None Include="..\..\..\OpenSceneGraph-3.4.1\include\osgGA\EventVisitor">
      <Filter>Header Files</Filter>
    </None>
    <None Include="..\..\..\OpenSceneGraph-3.4.1\include\osgGA\Export">
      <Filter>Header Files</Filter>
    </None>
    <None Include="..\..\..\OpenSceneGraph-3.4.1\include\osgGA\FirstPersonManipulator">
      <Filter>Header Files</Filter>
    </None>
    <None Include="..\..\..\OpenSceneGraph-3.4.1\include\osgGA\FlightManipulator">
      <Filter>Header Files</Filter>
    </None>
    <None Include="..\..\..\OpenSceneGraph-3.4.1\include\osgGA\GUIActionAdapter">
      <Filter>Header Files</Filter>
    </None>
    <None Include="..\..\..\OpenSceneGraph-3.4.1\include\osgGA\GUIEventAdapter">
      <Filter>Header Files</Filter>
    </None>
    <None Include="..\..\..\OpenSceneGraph-3.4.1\include\osgGA\GUIEventHandler">
      <Filter>Header Files</Filter>
    </None>
    <None Include="..\..\..\OpenSceneGraph-3.4.1\include\osgGA\KeySwitchMatrixManipulator">
      <Filter>Header Files</Filter>
    </None>
    <None Include="..\..\..\OpenSceneGraph-3.4.1\include\osgGA\CameraManipulator">
      <Filter>Header Files</Filter>
    </None>
    <None Include="..\..\..\OpenSceneGraph-3.4.1\include\osgGA\MultiTouchTrackballManipulator">
      <Filter>Header Files</Filter>
    </None>
    <None Include="..\..\..\OpenSceneGraph-3.4.1\include\osgGA\NodeTrackerManipulator">
      <Filter>Header Files</Filter>
    </None>
    <None Include="..\..\..\OpenSceneGraph-3.4.1\include\osgGA\OrbitManipulator">
      <Filter>Header Files</Filter>
    </None>
    <None Include="..\..\..\OpenSceneGraph-3.4.1\include\osgGA\StandardManipulator">
      <Filter>Header Files</Filter>
    </None>
    <None Include="..\..\..\OpenSceneGraph-3.4.1\include\osgGA\SphericalManipulator">
      <Filter>Header Files</Filter>
    </None>
    <None Include="..\..\..\OpenSceneGraph-3.4.1\include\osgGA\StateSetManipulator">
      <Filter>Header Files</Filter>
    </None>
    <None Include="..\..\..\OpenSceneGraph-3.4.1\include\osgGA\TerrainManipulator">
      <Filter>Header Files</Filter>
    </None>
    <None Include="..\..\..\OpenSceneGraph-3.4.1\include\osgGA\TrackballManipulator">
      <Filter>Header Files</Filter>
    </None>
    <None Include="..\..\..\OpenSceneGraph-3.4.1\include\osgGA\UFOManipulator">
      <Filter>Header Files</Filter>
    </None>
    <None Include="..\..\..\OpenSceneGraph-3.4.1\include\osgGA\Widget">
      <Filter>Header Files</Filter>
    </None>
    <None Include="..\..\..\OpenSceneGraph-3.4.1\include\osgGA\Version">
      <Filter>Header Files</Filter>
    </None>
    <None Include="..\..\..\OpenSceneGraph-3.4.1\include\osgGA\TestManipulator">
      <Filter>Header Files</Filter>
    </None>
    <None Include="..\..\..\OpenSceneGraph-3.4.1\include\osgGA\BimOrbitManipulator">
      <Filter>Header Files</Filter>
    </None>
    <None Include="..\..\..\OpenSceneGraph-3.4.1\include\osgGA\OrbitManipulatorProjection">
      <Filter>Header Files</Filter>
    </None>
    <None Include="..\..\..\OpenSceneGraph-3.4.1\include\osgGA\ModelBimOrbitManipulator">
      <Filter>Header Files</Filter>
    </None>
  </ItemGroup>
  <ItemGroup>
    <Filter Include="Source Files">
      <UniqueIdentifier>{C0AF30FF-09E9-336D-933D-4A112C9A0EA2}</UniqueIdentifier>
    </Filter>
    <Filter Include="Header Files">
      <UniqueIdentifier>{AEA53667-CF38-3133-AD38-C68AAAD11FD0}</UniqueIdentifier>
    </Filter>
  </ItemGroup>
</Project>