<?xml version="1.0" encoding="utf-8"?>
<Project ToolsVersion="4.0" xmlns="http://schemas.microsoft.com/developer/msbuild/2003">
  <ItemGroup>
    <ClCompile Include="..\..\..\OpenSceneGraph-3.4.1\src\osgViewer\config\AcrossAllScreens.cpp">
      <Filter>Source Files</Filter>
    </ClCompile>
    <ClCompile Include="..\..\..\OpenSceneGraph-3.4.1\src\osgViewer\config\PanoramicSphericalDisplay.cpp">
      <Filter>Source Files</Filter>
    </ClCompile>
    <ClCompile Include="..\..\..\OpenSceneGraph-3.4.1\src\osgViewer\config\SingleScreen.cpp">
      <Filter>Source Files</Filter>
    </ClCompile>
    <ClCompile Include="..\..\..\OpenSceneGraph-3.4.1\src\osgViewer\config\SingleWindow.cpp">
      <Filter>Source Files</Filter>
    </ClCompile>
    <ClCompile Include="..\..\..\OpenSceneGraph-3.4.1\src\osgViewer\config\SphericalDisplay.cpp">
      <Filter>Source Files</Filter>
    </ClCompile>
    <ClCompile Include="..\..\..\OpenSceneGraph-3.4.1\src\osgViewer\config\WoWVxDisplay.cpp">
      <Filter>Source Files</Filter>
    </ClCompile>
    <ClCompile Include="..\..\..\OpenSceneGraph-3.4.1\src\osgViewer\CompositeViewer.cpp">
      <Filter>Source Files</Filter>
    </ClCompile>
    <ClCompile Include="..\..\..\OpenSceneGraph-3.4.1\src\osgViewer\GraphicsWindow.cpp">
      <Filter>Source Files</Filter>
    </ClCompile>
    <ClCompile Include="..\..\..\OpenSceneGraph-3.4.1\src\osgViewer\HelpHandler.cpp">
      <Filter>Source Files</Filter>
    </ClCompile>
    <ClCompile Include="..\..\..\OpenSceneGraph-3.4.1\src\osgViewer\Keystone.cpp">
      <Filter>Source Files</Filter>
    </ClCompile>
    <ClCompile Include="..\..\..\OpenSceneGraph-3.4.1\src\osgViewer\Renderer.cpp">
      <Filter>Source Files</Filter>
    </ClCompile>
    <ClCompile Include="..\..\..\OpenSceneGraph-3.4.1\src\osgViewer\Scene.cpp">
      <Filter>Source Files</Filter>
    </ClCompile>
    <ClCompile Include="..\..\..\OpenSceneGraph-3.4.1\src\osgViewer\ScreenCaptureHandler.cpp">
      <Filter>Source Files</Filter>
    </ClCompile>
    <ClCompile Include="..\..\..\OpenSceneGraph-3.4.1\src\osgViewer\StatsHandler.cpp">
      <Filter>Source Files</Filter>
    </ClCompile>
    <ClCompile Include="..\..\..\OpenSceneGraph-3.4.1\src\osgViewer\Version.cpp">
      <Filter>Source Files</Filter>
    </ClCompile>
    <ClCompile Include="..\..\..\OpenSceneGraph-3.4.1\src\osgViewer\View.cpp">
      <Filter>Source Files</Filter>
    </ClCompile>
    <ClCompile Include="..\..\..\OpenSceneGraph-3.4.1\src\osgViewer\Viewer.cpp">
      <Filter>Source Files</Filter>
    </ClCompile>
    <ClCompile Include="..\..\..\OpenSceneGraph-3.4.1\src\osgViewer\ViewerBase.cpp">
      <Filter>Source Files</Filter>
    </ClCompile>
    <ClCompile Include="..\..\..\OpenSceneGraph-3.4.1\src\osgViewer\ViewerEventHandlers.cpp">
      <Filter>Source Files</Filter>
    </ClCompile>
    <ClCompile Include="..\..\..\OpenSceneGraph-3.4.1\src\osgViewer\GraphicsWindowWin32.cpp">
      <Filter>Source Files</Filter>
    </ClCompile>
    <ClCompile Include="..\..\..\OpenSceneGraph-3.4.1\src\osgViewer\PixelBufferWin32.cpp">
      <Filter>Source Files</Filter>
    </ClCompile>
  </ItemGroup>
  <ItemGroup>
    <None Include="..\..\..\OpenSceneGraph-3.4.1\include\osgViewer\CompositeViewer">
      <Filter>Header Files</Filter>
    </None>
    <None Include="..\..\..\OpenSceneGraph-3.4.1\include\osgViewer\Export">
      <Filter>Header Files</Filter>
    </None>
    <None Include="..\..\..\OpenSceneGraph-3.4.1\include\osgViewer\GraphicsWindow">
      <Filter>Header Files</Filter>
    </None>
    <None Include="..\..\..\OpenSceneGraph-3.4.1\include\osgViewer\Keystone">
      <Filter>Header Files</Filter>
    </None>
    <None Include="..\..\..\OpenSceneGraph-3.4.1\include\osgViewer\Renderer">
      <Filter>Header Files</Filter>
    </None>
    <None Include="..\..\..\OpenSceneGraph-3.4.1\include\osgViewer\Scene">
      <Filter>Header Files</Filter>
    </None>
    <None Include="..\..\..\OpenSceneGraph-3.4.1\include\osgViewer\Version">
      <Filter>Header Files</Filter>
    </None>
    <None Include="..\..\..\OpenSceneGraph-3.4.1\include\osgViewer\View">
      <Filter>Header Files</Filter>
    </None>
    <None Include="..\..\..\OpenSceneGraph-3.4.1\include\osgViewer\Viewer">
      <Filter>Header Files</Filter>
    </None>
    <None Include="..\..\..\OpenSceneGraph-3.4.1\include\osgViewer\ViewerBase">
      <Filter>Header Files</Filter>
    </None>
    <None Include="..\..\..\OpenSceneGraph-3.4.1\include\osgViewer\ViewerEventHandlers">
      <Filter>Header Files</Filter>
    </None>
    <None Include="..\..\..\OpenSceneGraph-3.4.1\include\osgViewer\api\Win32\GraphicsHandleWin32">
      <Filter>Header Files\api</Filter>
    </None>
    <None Include="..\..\..\OpenSceneGraph-3.4.1\include\osgViewer\api\Win32\GraphicsWindowWin32">
      <Filter>Header Files\api</Filter>
    </None>
    <None Include="..\..\..\OpenSceneGraph-3.4.1\include\osgViewer\api\Win32\PixelBufferWin32">
      <Filter>Header Files\api</Filter>
    </None>
  </ItemGroup>
  <ItemGroup>
    <Filter Include="Header Files\api">
      <UniqueIdentifier>{816CBD03-B39B-31FD-8C55-953A22BA3FAF}</UniqueIdentifier>
    </Filter>
    <Filter Include="Source Files">
      <UniqueIdentifier>{C0AF30FF-09E9-336D-933D-4A112C9A0EA2}</UniqueIdentifier>
    </Filter>
    <Filter Include="Header Files">
      <UniqueIdentifier>{AEA53667-CF38-3133-AD38-C68AAAD11FD0}</UniqueIdentifier>
    </Filter>
  </ItemGroup>
</Project>