
Microsoft Visual Studio Solution File, Format Version 11.00
# Visual Studio 2010
Project("{2150E333-8FDC-42A3-9474-1A3956D46DE8}") = "OSGCore", "OSGCore", "{6DF14891-C439-3282-B156-90CFEBB49248}"
	ProjectSection(SolutionItems) = preProject
		..\..\Tools\osgweb\ReadMe.txt = ..\..\Tools\osgweb\ReadMe.txt
	EndProjectSection
EndProject
Project("{8BC9CEB8-8B4A-11D0-8D11-00A0C91BC942}") = "osgViewer", "src\osgViewer\osgViewer.vcxproj", "{F8C3CEAE-2199-33DA-9590-90AF20103E72}"
EndProject
Project("{8BC9CEB8-8B4A-11D0-8D11-00A0C91BC942}") = "osgVolume", "src\osgVolume\osgVolume.vcxproj", "{2CFBDAA7-A19B-3CB6-AD6A-A02497D61B22}"
EndProject
Project("{8BC9CEB8-8B4A-11D0-8D11-00A0C91BC942}") = "osgWidget", "src\osgWidget\osgWidget.vcxproj", "{F857442E-3BA8-3FCC-BA7B-2BB4446810B5}"
	ProjectSection(ProjectDependencies) = postProject
		{F8C3CEAE-2199-33DA-9590-90AF20103E72} = {F8C3CEAE-2199-33DA-9590-90AF20103E72}
	EndProjectSection
EndProject
Project("{2150E333-8FDC-42A3-9474-1A3956D46DE8}") = "example", "example", "{273C2EED-AF8E-4E7E-AD03-67092113774A}"
EndProject
Project("{8BC9CEB8-8B4A-11D0-8D11-00A0C91BC942}") = "osgGe", "src\osgGe\osgGe.vcxproj", "{91E03643-09F3-40D5-97E8-3D1CBE4757B6}"
EndProject
Project("{8BC9CEB8-8B4A-11D0-8D11-00A0C91BC942}") = "Plugins ive", "src\osgPlugins\ive\osgdb_ive.vcxproj", "{ADF627C5-9D48-3538-BC42-876A42831114}"
EndProject
Project("{2150E333-8FDC-42A3-9474-1A3956D46DE8}") = "Plugins read_wirte", "Plugins read_wirte", "{D6E3E291-BC48-41CE-A94F-91A66EC6CE83}"
EndProject
Project("{8BC9CEB8-8B4A-11D0-8D11-00A0C91BC942}") = "Plugins png", "src\osgPlugins\png\osgdb_png.vcxproj", "{09669D93-9B96-472E-94A4-FD67DB526EE2}"
EndProject
Project("{8BC9CEB8-8B4A-11D0-8D11-00A0C91BC942}") = "osg", "src\osg\osg.vcxproj", "{80B233EB-2B71-3DB0-A4A7-56A6BF9BF3B5}"
EndProject
Project("{8BC9CEB8-8B4A-11D0-8D11-00A0C91BC942}") = "osgAnimation", "src\osgAnimation\osgAnimation.vcxproj", "{E8EE982D-7FA9-3F59-B4DC-C39B4A2C9421}"
EndProject
Project("{8BC9CEB8-8B4A-11D0-8D11-00A0C91BC942}") = "osgTerrain", "src\osgTerrain\osgTerrain.vcxproj", "{4523191D-6BA4-3399-9FDF-982EA8C7B120}"
EndProject
Project("{8BC9CEB8-8B4A-11D0-8D11-00A0C91BC942}") = "osgFX", "src\osgFX\osgFX.vcxproj", "{6CB9B2D6-2C53-394E-AD64-C7E3CE743486}"
EndProject
Project("{8BC9CEB8-8B4A-11D0-8D11-00A0C91BC942}") = "OpenThreads", "src\OpenThreads\win32\OpenThreads.vcxproj", "{2DBFB0C8-E7AC-326B-B70B-182D974166A5}"
EndProject
Project("{8BC9CEB8-8B4A-11D0-8D11-00A0C91BC942}") = "osgDB", "src\osgDB\osgDB.vcxproj", "{14B3AD82-5D37-30AC-AF00-A673E72913EA}"
EndProject
Project("{8BC9CEB8-8B4A-11D0-8D11-00A0C91BC942}") = "osgGA", "src\osgGA\osgGA.vcxproj", "{88C7D022-4D18-3BB4-9239-B4E859C606AA}"
EndProject
Project("{8BC9CEB8-8B4A-11D0-8D11-00A0C91BC942}") = "osgManipulator", "src\osgManipulator\osgManipulator.vcxproj", "{625D327E-D090-358B-B9EA-75E414A2D141}"
EndProject
Project("{8BC9CEB8-8B4A-11D0-8D11-00A0C91BC942}") = "osgParticle", "src\osgParticle\osgParticle.vcxproj", "{7E94A71D-6CC5-39D2-8C80-2E80599FAABF}"
EndProject
Project("{8BC9CEB8-8B4A-11D0-8D11-00A0C91BC942}") = "osgPresentation", "src\osgPresentation\osgPresentation.vcxproj", "{FAF315BF-792B-3809-82BD-340F467386C6}"
EndProject
Project("{8BC9CEB8-8B4A-11D0-8D11-00A0C91BC942}") = "osgSim", "src\osgSim\osgSim.vcxproj", "{6E757EF2-7977-3DF0-9305-7687577CCB9C}"
EndProject
Project("{8BC9CEB8-8B4A-11D0-8D11-00A0C91BC942}") = "osgText", "src\osgText\osgText.vcxproj", "{E99E7EEE-B5D0-343A-B305-2DD0A0EAF4C4}"
EndProject
Project("{8BC9CEB8-8B4A-11D0-8D11-00A0C91BC942}") = "osgUI", "src\osgUI\osgUI.vcxproj", "{A05FC387-154B-3C9E-9BD4-326A4606720E}"
EndProject
Project("{8BC9CEB8-8B4A-11D0-8D11-00A0C91BC942}") = "osgUtil", "src\osgUtil\osgUtil.vcxproj", "{DC4746A8-3FBE-3D96-B9A4-A217B2834F26}"
EndProject
Project("{8BC9CEB8-8B4A-11D0-8D11-00A0C91BC942}") = "Plugins jpeg", "src\osgPlugins\jpeg\osgdb_jpeg.vcxproj", "{21582847-E19D-3B0A-B5EE-79B5DE0EA3A2}"
EndProject
Project("{8BC9CEB8-8B4A-11D0-8D11-00A0C91BC942}") = "Plugins freetype", "src\osgPlugins\freetype\osgdb_freetype.vcxproj", "{6F3E286D-6BF2-3F0A-88ED-F7373DB12AA9}"
EndProject
Project("{8BC9CEB8-8B4A-11D0-8D11-00A0C91BC942}") = "Plugins QuadTreePageLod", "src\osgPlugins\QuadTreePageLod\osgdb_QuadTreePageLod.vcxproj", "{FD5B519B-5DBF-48E3-AA90-BDAF5A638B0D}"
EndProject
Project("{8BC9CEB8-8B4A-11D0-8D11-00A0C91BC942}") = "Plugins fbx", "src\osgPlugins\fbx\osgdb_fbx.vcxproj", "{E3DB16EF-D849-4E0E-BB7D-7D06094E8FA6}"
EndProject
Project("{8BC9CEB8-8B4A-11D0-8D11-00A0C91BC942}") = "Plugins osg", "src\osgPlugins\osg\osgdb_osg.vcxproj", "{E46F96A4-2374-36E8-87D2-A901217175E4}"
EndProject
Project("{8BC9CEB8-8B4A-11D0-8D11-00A0C91BC942}") = "Plugins obj", "src\osgPlugins\obj\osgdb_obj.vcxproj", "{E946C425-BAED-3885-91B0-2CFF6A7B9449}"
EndProject
Project("{8BC9CEB8-8B4A-11D0-8D11-00A0C91BC942}") = "Plugins curl", "src\osgPlugins\curl\osgdb_curl.vcxproj", "{39FE7C54-1F48-34ED-B590-40CB720EAC94}"
EndProject
Project("{8BC9CEB8-8B4A-11D0-8D11-00A0C91BC942}") = "Plugins dds", "src\osgPlugins\dds\osgdb_dds.vcxproj", "{49F87719-2CB4-3251-8F27-DAD0484DD698}"
EndProject
Project("{8BC9CEB8-8B4A-11D0-8D11-00A0C91BC942}") = "Plugins zip", "src\osgPlugins\zip\osgdb_zip.vcxproj", "{2F559BE3-6FA5-3CE7-93FA-ED813454EEDA}"
EndProject
Project("{8BC9CEB8-8B4A-11D0-8D11-00A0C91BC942}") = "Plugins bimele", "src\osgPlugins\element\osgdb_element.vcxproj", "{AB62C978-D46A-452B-9650-5025152EC7ED}"
EndProject
Project("{8BC9CEB8-8B4A-11D0-8D11-00A0C91BC942}") = "Plugins 3ds", "src\osgPlugins\3ds\osgdb_3ds.vcxproj", "{D40A6D4A-F3C1-4F0E-BE14-037F003EC378}"
EndProject
Project("{8BC9CEB8-8B4A-11D0-8D11-00A0C91BC942}") = "osgExample", "src\osgExample\osgExample.vcxproj", "{9DCCA6CD-63AB-4E46-9A48-A324BC0C8B69}"
EndProject
Global
	GlobalSection(SolutionConfigurationPlatforms) = preSolution
		Debug|Mixed Platforms = Debug|Mixed Platforms
		Debug|Win32 = Debug|Win32
		Debug|x64 = Debug|x64
		MinSizeRel|Mixed Platforms = MinSizeRel|Mixed Platforms
		MinSizeRel|Win32 = MinSizeRel|Win32
		MinSizeRel|x64 = MinSizeRel|x64
		Release|Mixed Platforms = Release|Mixed Platforms
		Release|Win32 = Release|Win32
		Release|x64 = Release|x64
		RelWithDebInfo|Mixed Platforms = RelWithDebInfo|Mixed Platforms
		RelWithDebInfo|Win32 = RelWithDebInfo|Win32
		RelWithDebInfo|x64 = RelWithDebInfo|x64
		Template|Mixed Platforms = Template|Mixed Platforms
		Template|Win32 = Template|Win32
		Template|x64 = Template|x64
	EndGlobalSection
	GlobalSection(ProjectConfigurationPlatforms) = postSolution
		{F8C3CEAE-2199-33DA-9590-90AF20103E72}.Debug|Mixed Platforms.ActiveCfg = Debug|x64
		{F8C3CEAE-2199-33DA-9590-90AF20103E72}.Debug|Mixed Platforms.Build.0 = Debug|x64
		{F8C3CEAE-2199-33DA-9590-90AF20103E72}.Debug|Win32.ActiveCfg = Debug|x64
		{F8C3CEAE-2199-33DA-9590-90AF20103E72}.Debug|x64.ActiveCfg = Debug|x64
		{F8C3CEAE-2199-33DA-9590-90AF20103E72}.Debug|x64.Build.0 = Debug|x64
		{F8C3CEAE-2199-33DA-9590-90AF20103E72}.MinSizeRel|Mixed Platforms.ActiveCfg = MinSizeRel|x64
		{F8C3CEAE-2199-33DA-9590-90AF20103E72}.MinSizeRel|Mixed Platforms.Build.0 = MinSizeRel|x64
		{F8C3CEAE-2199-33DA-9590-90AF20103E72}.MinSizeRel|Win32.ActiveCfg = MinSizeRel|x64
		{F8C3CEAE-2199-33DA-9590-90AF20103E72}.MinSizeRel|x64.ActiveCfg = MinSizeRel|x64
		{F8C3CEAE-2199-33DA-9590-90AF20103E72}.MinSizeRel|x64.Build.0 = MinSizeRel|x64
		{F8C3CEAE-2199-33DA-9590-90AF20103E72}.Release|Mixed Platforms.ActiveCfg = Release|x64
		{F8C3CEAE-2199-33DA-9590-90AF20103E72}.Release|Mixed Platforms.Build.0 = Release|x64
		{F8C3CEAE-2199-33DA-9590-90AF20103E72}.Release|Win32.ActiveCfg = Release|x64
		{F8C3CEAE-2199-33DA-9590-90AF20103E72}.Release|x64.ActiveCfg = Release|x64
		{F8C3CEAE-2199-33DA-9590-90AF20103E72}.Release|x64.Build.0 = Release|x64
		{F8C3CEAE-2199-33DA-9590-90AF20103E72}.RelWithDebInfo|Mixed Platforms.ActiveCfg = RelWithDebInfo|x64
		{F8C3CEAE-2199-33DA-9590-90AF20103E72}.RelWithDebInfo|Mixed Platforms.Build.0 = RelWithDebInfo|x64
		{F8C3CEAE-2199-33DA-9590-90AF20103E72}.RelWithDebInfo|Win32.ActiveCfg = RelWithDebInfo|x64
		{F8C3CEAE-2199-33DA-9590-90AF20103E72}.RelWithDebInfo|x64.ActiveCfg = RelWithDebInfo|x64
		{F8C3CEAE-2199-33DA-9590-90AF20103E72}.RelWithDebInfo|x64.Build.0 = RelWithDebInfo|x64
		{F8C3CEAE-2199-33DA-9590-90AF20103E72}.Template|Mixed Platforms.ActiveCfg = RelWithDebInfo|x64
		{F8C3CEAE-2199-33DA-9590-90AF20103E72}.Template|Mixed Platforms.Build.0 = RelWithDebInfo|x64
		{F8C3CEAE-2199-33DA-9590-90AF20103E72}.Template|Win32.ActiveCfg = RelWithDebInfo|x64
		{F8C3CEAE-2199-33DA-9590-90AF20103E72}.Template|x64.ActiveCfg = RelWithDebInfo|x64
		{F8C3CEAE-2199-33DA-9590-90AF20103E72}.Template|x64.Build.0 = RelWithDebInfo|x64
		{2CFBDAA7-A19B-3CB6-AD6A-A02497D61B22}.Debug|Mixed Platforms.ActiveCfg = Debug|x64
		{2CFBDAA7-A19B-3CB6-AD6A-A02497D61B22}.Debug|Mixed Platforms.Build.0 = Debug|x64
		{2CFBDAA7-A19B-3CB6-AD6A-A02497D61B22}.Debug|Win32.ActiveCfg = Debug|x64
		{2CFBDAA7-A19B-3CB6-AD6A-A02497D61B22}.Debug|x64.ActiveCfg = Debug|x64
		{2CFBDAA7-A19B-3CB6-AD6A-A02497D61B22}.Debug|x64.Build.0 = Debug|x64
		{2CFBDAA7-A19B-3CB6-AD6A-A02497D61B22}.MinSizeRel|Mixed Platforms.ActiveCfg = MinSizeRel|x64
		{2CFBDAA7-A19B-3CB6-AD6A-A02497D61B22}.MinSizeRel|Mixed Platforms.Build.0 = MinSizeRel|x64
		{2CFBDAA7-A19B-3CB6-AD6A-A02497D61B22}.MinSizeRel|Win32.ActiveCfg = MinSizeRel|x64
		{2CFBDAA7-A19B-3CB6-AD6A-A02497D61B22}.MinSizeRel|x64.ActiveCfg = MinSizeRel|x64
		{2CFBDAA7-A19B-3CB6-AD6A-A02497D61B22}.MinSizeRel|x64.Build.0 = MinSizeRel|x64
		{2CFBDAA7-A19B-3CB6-AD6A-A02497D61B22}.Release|Mixed Platforms.ActiveCfg = Release|x64
		{2CFBDAA7-A19B-3CB6-AD6A-A02497D61B22}.Release|Mixed Platforms.Build.0 = Release|x64
		{2CFBDAA7-A19B-3CB6-AD6A-A02497D61B22}.Release|Win32.ActiveCfg = Release|x64
		{2CFBDAA7-A19B-3CB6-AD6A-A02497D61B22}.Release|x64.ActiveCfg = Release|x64
		{2CFBDAA7-A19B-3CB6-AD6A-A02497D61B22}.Release|x64.Build.0 = Release|x64
		{2CFBDAA7-A19B-3CB6-AD6A-A02497D61B22}.RelWithDebInfo|Mixed Platforms.ActiveCfg = RelWithDebInfo|x64
		{2CFBDAA7-A19B-3CB6-AD6A-A02497D61B22}.RelWithDebInfo|Mixed Platforms.Build.0 = RelWithDebInfo|x64
		{2CFBDAA7-A19B-3CB6-AD6A-A02497D61B22}.RelWithDebInfo|Win32.ActiveCfg = RelWithDebInfo|x64
		{2CFBDAA7-A19B-3CB6-AD6A-A02497D61B22}.RelWithDebInfo|x64.ActiveCfg = RelWithDebInfo|x64
		{2CFBDAA7-A19B-3CB6-AD6A-A02497D61B22}.RelWithDebInfo|x64.Build.0 = RelWithDebInfo|x64
		{2CFBDAA7-A19B-3CB6-AD6A-A02497D61B22}.Template|Mixed Platforms.ActiveCfg = RelWithDebInfo|x64
		{2CFBDAA7-A19B-3CB6-AD6A-A02497D61B22}.Template|Mixed Platforms.Build.0 = RelWithDebInfo|x64
		{2CFBDAA7-A19B-3CB6-AD6A-A02497D61B22}.Template|Win32.ActiveCfg = RelWithDebInfo|x64
		{2CFBDAA7-A19B-3CB6-AD6A-A02497D61B22}.Template|x64.ActiveCfg = RelWithDebInfo|x64
		{2CFBDAA7-A19B-3CB6-AD6A-A02497D61B22}.Template|x64.Build.0 = RelWithDebInfo|x64
		{F857442E-3BA8-3FCC-BA7B-2BB4446810B5}.Debug|Mixed Platforms.ActiveCfg = Debug|x64
		{F857442E-3BA8-3FCC-BA7B-2BB4446810B5}.Debug|Mixed Platforms.Build.0 = Debug|x64
		{F857442E-3BA8-3FCC-BA7B-2BB4446810B5}.Debug|Win32.ActiveCfg = Debug|x64
		{F857442E-3BA8-3FCC-BA7B-2BB4446810B5}.Debug|x64.ActiveCfg = Debug|x64
		{F857442E-3BA8-3FCC-BA7B-2BB4446810B5}.Debug|x64.Build.0 = Debug|x64
		{F857442E-3BA8-3FCC-BA7B-2BB4446810B5}.MinSizeRel|Mixed Platforms.ActiveCfg = MinSizeRel|x64
		{F857442E-3BA8-3FCC-BA7B-2BB4446810B5}.MinSizeRel|Mixed Platforms.Build.0 = MinSizeRel|x64
		{F857442E-3BA8-3FCC-BA7B-2BB4446810B5}.MinSizeRel|Win32.ActiveCfg = MinSizeRel|x64
		{F857442E-3BA8-3FCC-BA7B-2BB4446810B5}.MinSizeRel|x64.ActiveCfg = MinSizeRel|x64
		{F857442E-3BA8-3FCC-BA7B-2BB4446810B5}.MinSizeRel|x64.Build.0 = MinSizeRel|x64
		{F857442E-3BA8-3FCC-BA7B-2BB4446810B5}.Release|Mixed Platforms.ActiveCfg = Release|x64
		{F857442E-3BA8-3FCC-BA7B-2BB4446810B5}.Release|Mixed Platforms.Build.0 = Release|x64
		{F857442E-3BA8-3FCC-BA7B-2BB4446810B5}.Release|Win32.ActiveCfg = Release|x64
		{F857442E-3BA8-3FCC-BA7B-2BB4446810B5}.Release|x64.ActiveCfg = Release|x64
		{F857442E-3BA8-3FCC-BA7B-2BB4446810B5}.Release|x64.Build.0 = Release|x64
		{F857442E-3BA8-3FCC-BA7B-2BB4446810B5}.RelWithDebInfo|Mixed Platforms.ActiveCfg = RelWithDebInfo|x64
		{F857442E-3BA8-3FCC-BA7B-2BB4446810B5}.RelWithDebInfo|Mixed Platforms.Build.0 = RelWithDebInfo|x64
		{F857442E-3BA8-3FCC-BA7B-2BB4446810B5}.RelWithDebInfo|Win32.ActiveCfg = RelWithDebInfo|x64
		{F857442E-3BA8-3FCC-BA7B-2BB4446810B5}.RelWithDebInfo|x64.ActiveCfg = RelWithDebInfo|x64
		{F857442E-3BA8-3FCC-BA7B-2BB4446810B5}.RelWithDebInfo|x64.Build.0 = RelWithDebInfo|x64
		{F857442E-3BA8-3FCC-BA7B-2BB4446810B5}.Template|Mixed Platforms.ActiveCfg = RelWithDebInfo|x64
		{F857442E-3BA8-3FCC-BA7B-2BB4446810B5}.Template|Mixed Platforms.Build.0 = RelWithDebInfo|x64
		{F857442E-3BA8-3FCC-BA7B-2BB4446810B5}.Template|Win32.ActiveCfg = RelWithDebInfo|x64
		{F857442E-3BA8-3FCC-BA7B-2BB4446810B5}.Template|x64.ActiveCfg = RelWithDebInfo|x64
		{F857442E-3BA8-3FCC-BA7B-2BB4446810B5}.Template|x64.Build.0 = RelWithDebInfo|x64
		{91E03643-09F3-40D5-97E8-3D1CBE4757B6}.Debug|Mixed Platforms.ActiveCfg = Debug|x64
		{91E03643-09F3-40D5-97E8-3D1CBE4757B6}.Debug|Mixed Platforms.Build.0 = Debug|x64
		{91E03643-09F3-40D5-97E8-3D1CBE4757B6}.Debug|Win32.ActiveCfg = Debug|x64
		{91E03643-09F3-40D5-97E8-3D1CBE4757B6}.Debug|x64.ActiveCfg = Debug|x64
		{91E03643-09F3-40D5-97E8-3D1CBE4757B6}.Debug|x64.Build.0 = Debug|x64
		{91E03643-09F3-40D5-97E8-3D1CBE4757B6}.MinSizeRel|Mixed Platforms.ActiveCfg = MinSizeRel|x64
		{91E03643-09F3-40D5-97E8-3D1CBE4757B6}.MinSizeRel|Mixed Platforms.Build.0 = MinSizeRel|x64
		{91E03643-09F3-40D5-97E8-3D1CBE4757B6}.MinSizeRel|Win32.ActiveCfg = MinSizeRel|x64
		{91E03643-09F3-40D5-97E8-3D1CBE4757B6}.MinSizeRel|x64.ActiveCfg = MinSizeRel|x64
		{91E03643-09F3-40D5-97E8-3D1CBE4757B6}.MinSizeRel|x64.Build.0 = MinSizeRel|x64
		{91E03643-09F3-40D5-97E8-3D1CBE4757B6}.Release|Mixed Platforms.ActiveCfg = Release|x64
		{91E03643-09F3-40D5-97E8-3D1CBE4757B6}.Release|Mixed Platforms.Build.0 = Release|x64
		{91E03643-09F3-40D5-97E8-3D1CBE4757B6}.Release|Win32.ActiveCfg = Release|x64
		{91E03643-09F3-40D5-97E8-3D1CBE4757B6}.Release|x64.ActiveCfg = Release|x64
		{91E03643-09F3-40D5-97E8-3D1CBE4757B6}.Release|x64.Build.0 = Release|x64
		{91E03643-09F3-40D5-97E8-3D1CBE4757B6}.RelWithDebInfo|Mixed Platforms.ActiveCfg = RelWithDebInfo|x64
		{91E03643-09F3-40D5-97E8-3D1CBE4757B6}.RelWithDebInfo|Mixed Platforms.Build.0 = RelWithDebInfo|x64
		{91E03643-09F3-40D5-97E8-3D1CBE4757B6}.RelWithDebInfo|Win32.ActiveCfg = RelWithDebInfo|x64
		{91E03643-09F3-40D5-97E8-3D1CBE4757B6}.RelWithDebInfo|x64.ActiveCfg = RelWithDebInfo|x64
		{91E03643-09F3-40D5-97E8-3D1CBE4757B6}.RelWithDebInfo|x64.Build.0 = RelWithDebInfo|x64
		{91E03643-09F3-40D5-97E8-3D1CBE4757B6}.Template|Mixed Platforms.ActiveCfg = RelWithDebInfo|x64
		{91E03643-09F3-40D5-97E8-3D1CBE4757B6}.Template|Mixed Platforms.Build.0 = RelWithDebInfo|x64
		{91E03643-09F3-40D5-97E8-3D1CBE4757B6}.Template|Win32.ActiveCfg = RelWithDebInfo|x64
		{91E03643-09F3-40D5-97E8-3D1CBE4757B6}.Template|x64.ActiveCfg = RelWithDebInfo|x64
		{91E03643-09F3-40D5-97E8-3D1CBE4757B6}.Template|x64.Build.0 = RelWithDebInfo|x64
		{ADF627C5-9D48-3538-BC42-876A42831114}.Debug|Mixed Platforms.ActiveCfg = Debug|x64
		{ADF627C5-9D48-3538-BC42-876A42831114}.Debug|Mixed Platforms.Build.0 = Debug|x64
		{ADF627C5-9D48-3538-BC42-876A42831114}.Debug|Win32.ActiveCfg = Debug|x64
		{ADF627C5-9D48-3538-BC42-876A42831114}.Debug|x64.ActiveCfg = Debug|x64
		{ADF627C5-9D48-3538-BC42-876A42831114}.Debug|x64.Build.0 = Debug|x64
		{ADF627C5-9D48-3538-BC42-876A42831114}.MinSizeRel|Mixed Platforms.ActiveCfg = MinSizeRel|x64
		{ADF627C5-9D48-3538-BC42-876A42831114}.MinSizeRel|Mixed Platforms.Build.0 = MinSizeRel|x64
		{ADF627C5-9D48-3538-BC42-876A42831114}.MinSizeRel|Win32.ActiveCfg = MinSizeRel|x64
		{ADF627C5-9D48-3538-BC42-876A42831114}.MinSizeRel|x64.ActiveCfg = MinSizeRel|x64
		{ADF627C5-9D48-3538-BC42-876A42831114}.MinSizeRel|x64.Build.0 = MinSizeRel|x64
		{ADF627C5-9D48-3538-BC42-876A42831114}.Release|Mixed Platforms.ActiveCfg = Release|x64
		{ADF627C5-9D48-3538-BC42-876A42831114}.Release|Mixed Platforms.Build.0 = Release|x64
		{ADF627C5-9D48-3538-BC42-876A42831114}.Release|Win32.ActiveCfg = Release|x64
		{ADF627C5-9D48-3538-BC42-876A42831114}.Release|x64.ActiveCfg = Release|x64
		{ADF627C5-9D48-3538-BC42-876A42831114}.Release|x64.Build.0 = Release|x64
		{ADF627C5-9D48-3538-BC42-876A42831114}.RelWithDebInfo|Mixed Platforms.ActiveCfg = RelWithDebInfo|x64
		{ADF627C5-9D48-3538-BC42-876A42831114}.RelWithDebInfo|Mixed Platforms.Build.0 = RelWithDebInfo|x64
		{ADF627C5-9D48-3538-BC42-876A42831114}.RelWithDebInfo|Win32.ActiveCfg = RelWithDebInfo|x64
		{ADF627C5-9D48-3538-BC42-876A42831114}.RelWithDebInfo|x64.ActiveCfg = RelWithDebInfo|x64
		{ADF627C5-9D48-3538-BC42-876A42831114}.RelWithDebInfo|x64.Build.0 = RelWithDebInfo|x64
		{ADF627C5-9D48-3538-BC42-876A42831114}.Template|Mixed Platforms.ActiveCfg = RelWithDebInfo|x64
		{ADF627C5-9D48-3538-BC42-876A42831114}.Template|Mixed Platforms.Build.0 = RelWithDebInfo|x64
		{ADF627C5-9D48-3538-BC42-876A42831114}.Template|Win32.ActiveCfg = RelWithDebInfo|x64
		{ADF627C5-9D48-3538-BC42-876A42831114}.Template|x64.ActiveCfg = RelWithDebInfo|x64
		{ADF627C5-9D48-3538-BC42-876A42831114}.Template|x64.Build.0 = RelWithDebInfo|x64
		{09669D93-9B96-472E-94A4-FD67DB526EE2}.Debug|Mixed Platforms.ActiveCfg = Debug|x64
		{09669D93-9B96-472E-94A4-FD67DB526EE2}.Debug|Mixed Platforms.Build.0 = Debug|x64
		{09669D93-9B96-472E-94A4-FD67DB526EE2}.Debug|Win32.ActiveCfg = Debug|x64
		{09669D93-9B96-472E-94A4-FD67DB526EE2}.Debug|x64.ActiveCfg = Debug|x64
		{09669D93-9B96-472E-94A4-FD67DB526EE2}.Debug|x64.Build.0 = Debug|x64
		{09669D93-9B96-472E-94A4-FD67DB526EE2}.MinSizeRel|Mixed Platforms.ActiveCfg = MinSizeRel|x64
		{09669D93-9B96-472E-94A4-FD67DB526EE2}.MinSizeRel|Mixed Platforms.Build.0 = MinSizeRel|x64
		{09669D93-9B96-472E-94A4-FD67DB526EE2}.MinSizeRel|Win32.ActiveCfg = MinSizeRel|x64
		{09669D93-9B96-472E-94A4-FD67DB526EE2}.MinSizeRel|x64.ActiveCfg = MinSizeRel|x64
		{09669D93-9B96-472E-94A4-FD67DB526EE2}.MinSizeRel|x64.Build.0 = MinSizeRel|x64
		{09669D93-9B96-472E-94A4-FD67DB526EE2}.Release|Mixed Platforms.ActiveCfg = Release|x64
		{09669D93-9B96-472E-94A4-FD67DB526EE2}.Release|Mixed Platforms.Build.0 = Release|x64
		{09669D93-9B96-472E-94A4-FD67DB526EE2}.Release|Win32.ActiveCfg = Release|x64
		{09669D93-9B96-472E-94A4-FD67DB526EE2}.Release|x64.ActiveCfg = Release|x64
		{09669D93-9B96-472E-94A4-FD67DB526EE2}.Release|x64.Build.0 = Release|x64
		{09669D93-9B96-472E-94A4-FD67DB526EE2}.RelWithDebInfo|Mixed Platforms.ActiveCfg = RelWithDebInfo|x64
		{09669D93-9B96-472E-94A4-FD67DB526EE2}.RelWithDebInfo|Mixed Platforms.Build.0 = RelWithDebInfo|x64
		{09669D93-9B96-472E-94A4-FD67DB526EE2}.RelWithDebInfo|Win32.ActiveCfg = RelWithDebInfo|x64
		{09669D93-9B96-472E-94A4-FD67DB526EE2}.RelWithDebInfo|x64.ActiveCfg = RelWithDebInfo|x64
		{09669D93-9B96-472E-94A4-FD67DB526EE2}.RelWithDebInfo|x64.Build.0 = RelWithDebInfo|x64
		{09669D93-9B96-472E-94A4-FD67DB526EE2}.Template|Mixed Platforms.ActiveCfg = RelWithDebInfo|x64
		{09669D93-9B96-472E-94A4-FD67DB526EE2}.Template|Mixed Platforms.Build.0 = RelWithDebInfo|x64
		{09669D93-9B96-472E-94A4-FD67DB526EE2}.Template|Win32.ActiveCfg = RelWithDebInfo|x64
		{09669D93-9B96-472E-94A4-FD67DB526EE2}.Template|x64.ActiveCfg = RelWithDebInfo|x64
		{09669D93-9B96-472E-94A4-FD67DB526EE2}.Template|x64.Build.0 = RelWithDebInfo|x64
		{80B233EB-2B71-3DB0-A4A7-56A6BF9BF3B5}.Debug|Mixed Platforms.ActiveCfg = Debug|x64
		{80B233EB-2B71-3DB0-A4A7-56A6BF9BF3B5}.Debug|Mixed Platforms.Build.0 = Debug|x64
		{80B233EB-2B71-3DB0-A4A7-56A6BF9BF3B5}.Debug|Win32.ActiveCfg = Debug|x64
		{80B233EB-2B71-3DB0-A4A7-56A6BF9BF3B5}.Debug|x64.ActiveCfg = Debug|x64
		{80B233EB-2B71-3DB0-A4A7-56A6BF9BF3B5}.Debug|x64.Build.0 = Debug|x64
		{80B233EB-2B71-3DB0-A4A7-56A6BF9BF3B5}.MinSizeRel|Mixed Platforms.ActiveCfg = MinSizeRel|x64
		{80B233EB-2B71-3DB0-A4A7-56A6BF9BF3B5}.MinSizeRel|Mixed Platforms.Build.0 = MinSizeRel|x64
		{80B233EB-2B71-3DB0-A4A7-56A6BF9BF3B5}.MinSizeRel|Win32.ActiveCfg = MinSizeRel|x64
		{80B233EB-2B71-3DB0-A4A7-56A6BF9BF3B5}.MinSizeRel|x64.ActiveCfg = MinSizeRel|x64
		{80B233EB-2B71-3DB0-A4A7-56A6BF9BF3B5}.MinSizeRel|x64.Build.0 = MinSizeRel|x64
		{80B233EB-2B71-3DB0-A4A7-56A6BF9BF3B5}.Release|Mixed Platforms.ActiveCfg = Release|x64
		{80B233EB-2B71-3DB0-A4A7-56A6BF9BF3B5}.Release|Mixed Platforms.Build.0 = Release|x64
		{80B233EB-2B71-3DB0-A4A7-56A6BF9BF3B5}.Release|Win32.ActiveCfg = Release|x64
		{80B233EB-2B71-3DB0-A4A7-56A6BF9BF3B5}.Release|x64.ActiveCfg = Release|x64
		{80B233EB-2B71-3DB0-A4A7-56A6BF9BF3B5}.Release|x64.Build.0 = Release|x64
		{80B233EB-2B71-3DB0-A4A7-56A6BF9BF3B5}.RelWithDebInfo|Mixed Platforms.ActiveCfg = RelWithDebInfo|x64
		{80B233EB-2B71-3DB0-A4A7-56A6BF9BF3B5}.RelWithDebInfo|Mixed Platforms.Build.0 = RelWithDebInfo|x64
		{80B233EB-2B71-3DB0-A4A7-56A6BF9BF3B5}.RelWithDebInfo|Win32.ActiveCfg = RelWithDebInfo|x64
		{80B233EB-2B71-3DB0-A4A7-56A6BF9BF3B5}.RelWithDebInfo|x64.ActiveCfg = RelWithDebInfo|x64
		{80B233EB-2B71-3DB0-A4A7-56A6BF9BF3B5}.RelWithDebInfo|x64.Build.0 = RelWithDebInfo|x64
		{80B233EB-2B71-3DB0-A4A7-56A6BF9BF3B5}.Template|Mixed Platforms.ActiveCfg = RelWithDebInfo|x64
		{80B233EB-2B71-3DB0-A4A7-56A6BF9BF3B5}.Template|Mixed Platforms.Build.0 = RelWithDebInfo|x64
		{80B233EB-2B71-3DB0-A4A7-56A6BF9BF3B5}.Template|Win32.ActiveCfg = RelWithDebInfo|x64
		{80B233EB-2B71-3DB0-A4A7-56A6BF9BF3B5}.Template|x64.ActiveCfg = RelWithDebInfo|x64
		{80B233EB-2B71-3DB0-A4A7-56A6BF9BF3B5}.Template|x64.Build.0 = RelWithDebInfo|x64
		{E8EE982D-7FA9-3F59-B4DC-C39B4A2C9421}.Debug|Mixed Platforms.ActiveCfg = Debug|x64
		{E8EE982D-7FA9-3F59-B4DC-C39B4A2C9421}.Debug|Mixed Platforms.Build.0 = Debug|x64
		{E8EE982D-7FA9-3F59-B4DC-C39B4A2C9421}.Debug|Win32.ActiveCfg = Debug|x64
		{E8EE982D-7FA9-3F59-B4DC-C39B4A2C9421}.Debug|x64.ActiveCfg = Debug|x64
		{E8EE982D-7FA9-3F59-B4DC-C39B4A2C9421}.Debug|x64.Build.0 = Debug|x64
		{E8EE982D-7FA9-3F59-B4DC-C39B4A2C9421}.MinSizeRel|Mixed Platforms.ActiveCfg = MinSizeRel|x64
		{E8EE982D-7FA9-3F59-B4DC-C39B4A2C9421}.MinSizeRel|Mixed Platforms.Build.0 = MinSizeRel|x64
		{E8EE982D-7FA9-3F59-B4DC-C39B4A2C9421}.MinSizeRel|Win32.ActiveCfg = MinSizeRel|x64
		{E8EE982D-7FA9-3F59-B4DC-C39B4A2C9421}.MinSizeRel|x64.ActiveCfg = MinSizeRel|x64
		{E8EE982D-7FA9-3F59-B4DC-C39B4A2C9421}.MinSizeRel|x64.Build.0 = MinSizeRel|x64
		{E8EE982D-7FA9-3F59-B4DC-C39B4A2C9421}.Release|Mixed Platforms.ActiveCfg = Release|x64
		{E8EE982D-7FA9-3F59-B4DC-C39B4A2C9421}.Release|Mixed Platforms.Build.0 = Release|x64
		{E8EE982D-7FA9-3F59-B4DC-C39B4A2C9421}.Release|Win32.ActiveCfg = Release|x64
		{E8EE982D-7FA9-3F59-B4DC-C39B4A2C9421}.Release|x64.ActiveCfg = Release|x64
		{E8EE982D-7FA9-3F59-B4DC-C39B4A2C9421}.Release|x64.Build.0 = Release|x64
		{E8EE982D-7FA9-3F59-B4DC-C39B4A2C9421}.RelWithDebInfo|Mixed Platforms.ActiveCfg = RelWithDebInfo|x64
		{E8EE982D-7FA9-3F59-B4DC-C39B4A2C9421}.RelWithDebInfo|Mixed Platforms.Build.0 = RelWithDebInfo|x64
		{E8EE982D-7FA9-3F59-B4DC-C39B4A2C9421}.RelWithDebInfo|Win32.ActiveCfg = RelWithDebInfo|x64
		{E8EE982D-7FA9-3F59-B4DC-C39B4A2C9421}.RelWithDebInfo|x64.ActiveCfg = RelWithDebInfo|x64
		{E8EE982D-7FA9-3F59-B4DC-C39B4A2C9421}.RelWithDebInfo|x64.Build.0 = RelWithDebInfo|x64
		{E8EE982D-7FA9-3F59-B4DC-C39B4A2C9421}.Template|Mixed Platforms.ActiveCfg = RelWithDebInfo|x64
		{E8EE982D-7FA9-3F59-B4DC-C39B4A2C9421}.Template|Mixed Platforms.Build.0 = RelWithDebInfo|x64
		{E8EE982D-7FA9-3F59-B4DC-C39B4A2C9421}.Template|Win32.ActiveCfg = RelWithDebInfo|x64
		{E8EE982D-7FA9-3F59-B4DC-C39B4A2C9421}.Template|x64.ActiveCfg = RelWithDebInfo|x64
		{E8EE982D-7FA9-3F59-B4DC-C39B4A2C9421}.Template|x64.Build.0 = RelWithDebInfo|x64
		{4523191D-6BA4-3399-9FDF-982EA8C7B120}.Debug|Mixed Platforms.ActiveCfg = Debug|x64
		{4523191D-6BA4-3399-9FDF-982EA8C7B120}.Debug|Mixed Platforms.Build.0 = Debug|x64
		{4523191D-6BA4-3399-9FDF-982EA8C7B120}.Debug|Win32.ActiveCfg = Debug|x64
		{4523191D-6BA4-3399-9FDF-982EA8C7B120}.Debug|x64.ActiveCfg = Debug|x64
		{4523191D-6BA4-3399-9FDF-982EA8C7B120}.Debug|x64.Build.0 = Debug|x64
		{4523191D-6BA4-3399-9FDF-982EA8C7B120}.MinSizeRel|Mixed Platforms.ActiveCfg = MinSizeRel|x64
		{4523191D-6BA4-3399-9FDF-982EA8C7B120}.MinSizeRel|Mixed Platforms.Build.0 = MinSizeRel|x64
		{4523191D-6BA4-3399-9FDF-982EA8C7B120}.MinSizeRel|Win32.ActiveCfg = MinSizeRel|x64
		{4523191D-6BA4-3399-9FDF-982EA8C7B120}.MinSizeRel|x64.ActiveCfg = MinSizeRel|x64
		{4523191D-6BA4-3399-9FDF-982EA8C7B120}.MinSizeRel|x64.Build.0 = MinSizeRel|x64
		{4523191D-6BA4-3399-9FDF-982EA8C7B120}.Release|Mixed Platforms.ActiveCfg = Release|x64
		{4523191D-6BA4-3399-9FDF-982EA8C7B120}.Release|Mixed Platforms.Build.0 = Release|x64
		{4523191D-6BA4-3399-9FDF-982EA8C7B120}.Release|Win32.ActiveCfg = Release|x64
		{4523191D-6BA4-3399-9FDF-982EA8C7B120}.Release|x64.ActiveCfg = Release|x64
		{4523191D-6BA4-3399-9FDF-982EA8C7B120}.Release|x64.Build.0 = Release|x64
		{4523191D-6BA4-3399-9FDF-982EA8C7B120}.RelWithDebInfo|Mixed Platforms.ActiveCfg = RelWithDebInfo|x64
		{4523191D-6BA4-3399-9FDF-982EA8C7B120}.RelWithDebInfo|Mixed Platforms.Build.0 = RelWithDebInfo|x64
		{4523191D-6BA4-3399-9FDF-982EA8C7B120}.RelWithDebInfo|Win32.ActiveCfg = RelWithDebInfo|x64
		{4523191D-6BA4-3399-9FDF-982EA8C7B120}.RelWithDebInfo|x64.ActiveCfg = RelWithDebInfo|x64
		{4523191D-6BA4-3399-9FDF-982EA8C7B120}.RelWithDebInfo|x64.Build.0 = RelWithDebInfo|x64
		{4523191D-6BA4-3399-9FDF-982EA8C7B120}.Template|Mixed Platforms.ActiveCfg = RelWithDebInfo|x64
		{4523191D-6BA4-3399-9FDF-982EA8C7B120}.Template|Mixed Platforms.Build.0 = RelWithDebInfo|x64
		{4523191D-6BA4-3399-9FDF-982EA8C7B120}.Template|Win32.ActiveCfg = RelWithDebInfo|x64
		{4523191D-6BA4-3399-9FDF-982EA8C7B120}.Template|x64.ActiveCfg = RelWithDebInfo|x64
		{4523191D-6BA4-3399-9FDF-982EA8C7B120}.Template|x64.Build.0 = RelWithDebInfo|x64
		{6CB9B2D6-2C53-394E-AD64-C7E3CE743486}.Debug|Mixed Platforms.ActiveCfg = Debug|x64
		{6CB9B2D6-2C53-394E-AD64-C7E3CE743486}.Debug|Mixed Platforms.Build.0 = Debug|x64
		{6CB9B2D6-2C53-394E-AD64-C7E3CE743486}.Debug|Win32.ActiveCfg = Debug|x64
		{6CB9B2D6-2C53-394E-AD64-C7E3CE743486}.Debug|x64.ActiveCfg = Debug|x64
		{6CB9B2D6-2C53-394E-AD64-C7E3CE743486}.Debug|x64.Build.0 = Debug|x64
		{6CB9B2D6-2C53-394E-AD64-C7E3CE743486}.MinSizeRel|Mixed Platforms.ActiveCfg = MinSizeRel|x64
		{6CB9B2D6-2C53-394E-AD64-C7E3CE743486}.MinSizeRel|Mixed Platforms.Build.0 = MinSizeRel|x64
		{6CB9B2D6-2C53-394E-AD64-C7E3CE743486}.MinSizeRel|Win32.ActiveCfg = MinSizeRel|x64
		{6CB9B2D6-2C53-394E-AD64-C7E3CE743486}.MinSizeRel|x64.ActiveCfg = MinSizeRel|x64
		{6CB9B2D6-2C53-394E-AD64-C7E3CE743486}.MinSizeRel|x64.Build.0 = MinSizeRel|x64
		{6CB9B2D6-2C53-394E-AD64-C7E3CE743486}.Release|Mixed Platforms.ActiveCfg = Release|x64
		{6CB9B2D6-2C53-394E-AD64-C7E3CE743486}.Release|Mixed Platforms.Build.0 = Release|x64
		{6CB9B2D6-2C53-394E-AD64-C7E3CE743486}.Release|Win32.ActiveCfg = Release|x64
		{6CB9B2D6-2C53-394E-AD64-C7E3CE743486}.Release|x64.ActiveCfg = Release|x64
		{6CB9B2D6-2C53-394E-AD64-C7E3CE743486}.Release|x64.Build.0 = Release|x64
		{6CB9B2D6-2C53-394E-AD64-C7E3CE743486}.RelWithDebInfo|Mixed Platforms.ActiveCfg = RelWithDebInfo|x64
		{6CB9B2D6-2C53-394E-AD64-C7E3CE743486}.RelWithDebInfo|Mixed Platforms.Build.0 = RelWithDebInfo|x64
		{6CB9B2D6-2C53-394E-AD64-C7E3CE743486}.RelWithDebInfo|Win32.ActiveCfg = RelWithDebInfo|x64
		{6CB9B2D6-2C53-394E-AD64-C7E3CE743486}.RelWithDebInfo|x64.ActiveCfg = RelWithDebInfo|x64
		{6CB9B2D6-2C53-394E-AD64-C7E3CE743486}.RelWithDebInfo|x64.Build.0 = RelWithDebInfo|x64
		{6CB9B2D6-2C53-394E-AD64-C7E3CE743486}.Template|Mixed Platforms.ActiveCfg = RelWithDebInfo|x64
		{6CB9B2D6-2C53-394E-AD64-C7E3CE743486}.Template|Mixed Platforms.Build.0 = RelWithDebInfo|x64
		{6CB9B2D6-2C53-394E-AD64-C7E3CE743486}.Template|Win32.ActiveCfg = RelWithDebInfo|x64
		{6CB9B2D6-2C53-394E-AD64-C7E3CE743486}.Template|x64.ActiveCfg = RelWithDebInfo|x64
		{6CB9B2D6-2C53-394E-AD64-C7E3CE743486}.Template|x64.Build.0 = RelWithDebInfo|x64
		{2DBFB0C8-E7AC-326B-B70B-182D974166A5}.Debug|Mixed Platforms.ActiveCfg = Debug|x64
		{2DBFB0C8-E7AC-326B-B70B-182D974166A5}.Debug|Mixed Platforms.Build.0 = Debug|x64
		{2DBFB0C8-E7AC-326B-B70B-182D974166A5}.Debug|Win32.ActiveCfg = Debug|x64
		{2DBFB0C8-E7AC-326B-B70B-182D974166A5}.Debug|x64.ActiveCfg = Debug|x64
		{2DBFB0C8-E7AC-326B-B70B-182D974166A5}.Debug|x64.Build.0 = Debug|x64
		{2DBFB0C8-E7AC-326B-B70B-182D974166A5}.MinSizeRel|Mixed Platforms.ActiveCfg = MinSizeRel|x64
		{2DBFB0C8-E7AC-326B-B70B-182D974166A5}.MinSizeRel|Mixed Platforms.Build.0 = MinSizeRel|x64
		{2DBFB0C8-E7AC-326B-B70B-182D974166A5}.MinSizeRel|Win32.ActiveCfg = MinSizeRel|x64
		{2DBFB0C8-E7AC-326B-B70B-182D974166A5}.MinSizeRel|x64.ActiveCfg = MinSizeRel|x64
		{2DBFB0C8-E7AC-326B-B70B-182D974166A5}.MinSizeRel|x64.Build.0 = MinSizeRel|x64
		{2DBFB0C8-E7AC-326B-B70B-182D974166A5}.Release|Mixed Platforms.ActiveCfg = Release|x64
		{2DBFB0C8-E7AC-326B-B70B-182D974166A5}.Release|Mixed Platforms.Build.0 = Release|x64
		{2DBFB0C8-E7AC-326B-B70B-182D974166A5}.Release|Win32.ActiveCfg = Release|x64
		{2DBFB0C8-E7AC-326B-B70B-182D974166A5}.Release|x64.ActiveCfg = Release|x64
		{2DBFB0C8-E7AC-326B-B70B-182D974166A5}.Release|x64.Build.0 = Release|x64
		{2DBFB0C8-E7AC-326B-B70B-182D974166A5}.RelWithDebInfo|Mixed Platforms.ActiveCfg = RelWithDebInfo|x64
		{2DBFB0C8-E7AC-326B-B70B-182D974166A5}.RelWithDebInfo|Mixed Platforms.Build.0 = RelWithDebInfo|x64
		{2DBFB0C8-E7AC-326B-B70B-182D974166A5}.RelWithDebInfo|Win32.ActiveCfg = RelWithDebInfo|x64
		{2DBFB0C8-E7AC-326B-B70B-182D974166A5}.RelWithDebInfo|x64.ActiveCfg = RelWithDebInfo|x64
		{2DBFB0C8-E7AC-326B-B70B-182D974166A5}.RelWithDebInfo|x64.Build.0 = RelWithDebInfo|x64
		{2DBFB0C8-E7AC-326B-B70B-182D974166A5}.Template|Mixed Platforms.ActiveCfg = RelWithDebInfo|x64
		{2DBFB0C8-E7AC-326B-B70B-182D974166A5}.Template|Mixed Platforms.Build.0 = RelWithDebInfo|x64
		{2DBFB0C8-E7AC-326B-B70B-182D974166A5}.Template|Win32.ActiveCfg = RelWithDebInfo|x64
		{2DBFB0C8-E7AC-326B-B70B-182D974166A5}.Template|x64.ActiveCfg = RelWithDebInfo|x64
		{2DBFB0C8-E7AC-326B-B70B-182D974166A5}.Template|x64.Build.0 = RelWithDebInfo|x64
		{14B3AD82-5D37-30AC-AF00-A673E72913EA}.Debug|Mixed Platforms.ActiveCfg = Debug|x64
		{14B3AD82-5D37-30AC-AF00-A673E72913EA}.Debug|Mixed Platforms.Build.0 = Debug|x64
		{14B3AD82-5D37-30AC-AF00-A673E72913EA}.Debug|Win32.ActiveCfg = Debug|x64
		{14B3AD82-5D37-30AC-AF00-A673E72913EA}.Debug|x64.ActiveCfg = Debug|x64
		{14B3AD82-5D37-30AC-AF00-A673E72913EA}.Debug|x64.Build.0 = Debug|x64
		{14B3AD82-5D37-30AC-AF00-A673E72913EA}.MinSizeRel|Mixed Platforms.ActiveCfg = MinSizeRel|x64
		{14B3AD82-5D37-30AC-AF00-A673E72913EA}.MinSizeRel|Mixed Platforms.Build.0 = MinSizeRel|x64
		{14B3AD82-5D37-30AC-AF00-A673E72913EA}.MinSizeRel|Win32.ActiveCfg = MinSizeRel|x64
		{14B3AD82-5D37-30AC-AF00-A673E72913EA}.MinSizeRel|x64.ActiveCfg = MinSizeRel|x64
		{14B3AD82-5D37-30AC-AF00-A673E72913EA}.MinSizeRel|x64.Build.0 = MinSizeRel|x64
		{14B3AD82-5D37-30AC-AF00-A673E72913EA}.Release|Mixed Platforms.ActiveCfg = Release|x64
		{14B3AD82-5D37-30AC-AF00-A673E72913EA}.Release|Mixed Platforms.Build.0 = Release|x64
		{14B3AD82-5D37-30AC-AF00-A673E72913EA}.Release|Win32.ActiveCfg = Release|x64
		{14B3AD82-5D37-30AC-AF00-A673E72913EA}.Release|x64.ActiveCfg = Release|x64
		{14B3AD82-5D37-30AC-AF00-A673E72913EA}.Release|x64.Build.0 = Release|x64
		{14B3AD82-5D37-30AC-AF00-A673E72913EA}.RelWithDebInfo|Mixed Platforms.ActiveCfg = RelWithDebInfo|x64
		{14B3AD82-5D37-30AC-AF00-A673E72913EA}.RelWithDebInfo|Mixed Platforms.Build.0 = RelWithDebInfo|x64
		{14B3AD82-5D37-30AC-AF00-A673E72913EA}.RelWithDebInfo|Win32.ActiveCfg = RelWithDebInfo|x64
		{14B3AD82-5D37-30AC-AF00-A673E72913EA}.RelWithDebInfo|x64.ActiveCfg = RelWithDebInfo|x64
		{14B3AD82-5D37-30AC-AF00-A673E72913EA}.RelWithDebInfo|x64.Build.0 = RelWithDebInfo|x64
		{14B3AD82-5D37-30AC-AF00-A673E72913EA}.Template|Mixed Platforms.ActiveCfg = RelWithDebInfo|x64
		{14B3AD82-5D37-30AC-AF00-A673E72913EA}.Template|Mixed Platforms.Build.0 = RelWithDebInfo|x64
		{14B3AD82-5D37-30AC-AF00-A673E72913EA}.Template|Win32.ActiveCfg = RelWithDebInfo|x64
		{14B3AD82-5D37-30AC-AF00-A673E72913EA}.Template|x64.ActiveCfg = RelWithDebInfo|x64
		{14B3AD82-5D37-30AC-AF00-A673E72913EA}.Template|x64.Build.0 = RelWithDebInfo|x64
		{88C7D022-4D18-3BB4-9239-B4E859C606AA}.Debug|Mixed Platforms.ActiveCfg = Debug|x64
		{88C7D022-4D18-3BB4-9239-B4E859C606AA}.Debug|Mixed Platforms.Build.0 = Debug|x64
		{88C7D022-4D18-3BB4-9239-B4E859C606AA}.Debug|Win32.ActiveCfg = Debug|x64
		{88C7D022-4D18-3BB4-9239-B4E859C606AA}.Debug|x64.ActiveCfg = Debug|x64
		{88C7D022-4D18-3BB4-9239-B4E859C606AA}.Debug|x64.Build.0 = Debug|x64
		{88C7D022-4D18-3BB4-9239-B4E859C606AA}.MinSizeRel|Mixed Platforms.ActiveCfg = MinSizeRel|x64
		{88C7D022-4D18-3BB4-9239-B4E859C606AA}.MinSizeRel|Mixed Platforms.Build.0 = MinSizeRel|x64
		{88C7D022-4D18-3BB4-9239-B4E859C606AA}.MinSizeRel|Win32.ActiveCfg = MinSizeRel|x64
		{88C7D022-4D18-3BB4-9239-B4E859C606AA}.MinSizeRel|x64.ActiveCfg = MinSizeRel|x64
		{88C7D022-4D18-3BB4-9239-B4E859C606AA}.MinSizeRel|x64.Build.0 = MinSizeRel|x64
		{88C7D022-4D18-3BB4-9239-B4E859C606AA}.Release|Mixed Platforms.ActiveCfg = Release|x64
		{88C7D022-4D18-3BB4-9239-B4E859C606AA}.Release|Mixed Platforms.Build.0 = Release|x64
		{88C7D022-4D18-3BB4-9239-B4E859C606AA}.Release|Win32.ActiveCfg = Release|x64
		{88C7D022-4D18-3BB4-9239-B4E859C606AA}.Release|x64.ActiveCfg = Release|x64
		{88C7D022-4D18-3BB4-9239-B4E859C606AA}.Release|x64.Build.0 = Release|x64
		{88C7D022-4D18-3BB4-9239-B4E859C606AA}.RelWithDebInfo|Mixed Platforms.ActiveCfg = RelWithDebInfo|x64
		{88C7D022-4D18-3BB4-9239-B4E859C606AA}.RelWithDebInfo|Mixed Platforms.Build.0 = RelWithDebInfo|x64
		{88C7D022-4D18-3BB4-9239-B4E859C606AA}.RelWithDebInfo|Win32.ActiveCfg = RelWithDebInfo|x64
		{88C7D022-4D18-3BB4-9239-B4E859C606AA}.RelWithDebInfo|x64.ActiveCfg = RelWithDebInfo|x64
		{88C7D022-4D18-3BB4-9239-B4E859C606AA}.RelWithDebInfo|x64.Build.0 = RelWithDebInfo|x64
		{88C7D022-4D18-3BB4-9239-B4E859C606AA}.Template|Mixed Platforms.ActiveCfg = RelWithDebInfo|x64
		{88C7D022-4D18-3BB4-9239-B4E859C606AA}.Template|Mixed Platforms.Build.0 = RelWithDebInfo|x64
		{88C7D022-4D18-3BB4-9239-B4E859C606AA}.Template|Win32.ActiveCfg = RelWithDebInfo|x64
		{88C7D022-4D18-3BB4-9239-B4E859C606AA}.Template|x64.ActiveCfg = RelWithDebInfo|x64
		{88C7D022-4D18-3BB4-9239-B4E859C606AA}.Template|x64.Build.0 = RelWithDebInfo|x64
		{625D327E-D090-358B-B9EA-75E414A2D141}.Debug|Mixed Platforms.ActiveCfg = Debug|x64
		{625D327E-D090-358B-B9EA-75E414A2D141}.Debug|Mixed Platforms.Build.0 = Debug|x64
		{625D327E-D090-358B-B9EA-75E414A2D141}.Debug|Win32.ActiveCfg = Debug|x64
		{625D327E-D090-358B-B9EA-75E414A2D141}.Debug|x64.ActiveCfg = Debug|x64
		{625D327E-D090-358B-B9EA-75E414A2D141}.Debug|x64.Build.0 = Debug|x64
		{625D327E-D090-358B-B9EA-75E414A2D141}.MinSizeRel|Mixed Platforms.ActiveCfg = MinSizeRel|x64
		{625D327E-D090-358B-B9EA-75E414A2D141}.MinSizeRel|Mixed Platforms.Build.0 = MinSizeRel|x64
		{625D327E-D090-358B-B9EA-75E414A2D141}.MinSizeRel|Win32.ActiveCfg = MinSizeRel|x64
		{625D327E-D090-358B-B9EA-75E414A2D141}.MinSizeRel|x64.ActiveCfg = MinSizeRel|x64
		{625D327E-D090-358B-B9EA-75E414A2D141}.MinSizeRel|x64.Build.0 = MinSizeRel|x64
		{625D327E-D090-358B-B9EA-75E414A2D141}.Release|Mixed Platforms.ActiveCfg = Release|x64
		{625D327E-D090-358B-B9EA-75E414A2D141}.Release|Mixed Platforms.Build.0 = Release|x64
		{625D327E-D090-358B-B9EA-75E414A2D141}.Release|Win32.ActiveCfg = Release|x64
		{625D327E-D090-358B-B9EA-75E414A2D141}.Release|x64.ActiveCfg = Release|x64
		{625D327E-D090-358B-B9EA-75E414A2D141}.Release|x64.Build.0 = Release|x64
		{625D327E-D090-358B-B9EA-75E414A2D141}.RelWithDebInfo|Mixed Platforms.ActiveCfg = RelWithDebInfo|x64
		{625D327E-D090-358B-B9EA-75E414A2D141}.RelWithDebInfo|Mixed Platforms.Build.0 = RelWithDebInfo|x64
		{625D327E-D090-358B-B9EA-75E414A2D141}.RelWithDebInfo|Win32.ActiveCfg = RelWithDebInfo|x64
		{625D327E-D090-358B-B9EA-75E414A2D141}.RelWithDebInfo|x64.ActiveCfg = RelWithDebInfo|x64
		{625D327E-D090-358B-B9EA-75E414A2D141}.RelWithDebInfo|x64.Build.0 = RelWithDebInfo|x64
		{625D327E-D090-358B-B9EA-75E414A2D141}.Template|Mixed Platforms.ActiveCfg = RelWithDebInfo|x64
		{625D327E-D090-358B-B9EA-75E414A2D141}.Template|Mixed Platforms.Build.0 = RelWithDebInfo|x64
		{625D327E-D090-358B-B9EA-75E414A2D141}.Template|Win32.ActiveCfg = RelWithDebInfo|x64
		{625D327E-D090-358B-B9EA-75E414A2D141}.Template|x64.ActiveCfg = RelWithDebInfo|x64
		{625D327E-D090-358B-B9EA-75E414A2D141}.Template|x64.Build.0 = RelWithDebInfo|x64
		{7E94A71D-6CC5-39D2-8C80-2E80599FAABF}.Debug|Mixed Platforms.ActiveCfg = Debug|x64
		{7E94A71D-6CC5-39D2-8C80-2E80599FAABF}.Debug|Mixed Platforms.Build.0 = Debug|x64
		{7E94A71D-6CC5-39D2-8C80-2E80599FAABF}.Debug|Win32.ActiveCfg = Debug|x64
		{7E94A71D-6CC5-39D2-8C80-2E80599FAABF}.Debug|x64.ActiveCfg = Debug|x64
		{7E94A71D-6CC5-39D2-8C80-2E80599FAABF}.Debug|x64.Build.0 = Debug|x64
		{7E94A71D-6CC5-39D2-8C80-2E80599FAABF}.MinSizeRel|Mixed Platforms.ActiveCfg = MinSizeRel|x64
		{7E94A71D-6CC5-39D2-8C80-2E80599FAABF}.MinSizeRel|Mixed Platforms.Build.0 = MinSizeRel|x64
		{7E94A71D-6CC5-39D2-8C80-2E80599FAABF}.MinSizeRel|Win32.ActiveCfg = MinSizeRel|x64
		{7E94A71D-6CC5-39D2-8C80-2E80599FAABF}.MinSizeRel|x64.ActiveCfg = MinSizeRel|x64
		{7E94A71D-6CC5-39D2-8C80-2E80599FAABF}.MinSizeRel|x64.Build.0 = MinSizeRel|x64
		{7E94A71D-6CC5-39D2-8C80-2E80599FAABF}.Release|Mixed Platforms.ActiveCfg = Release|x64
		{7E94A71D-6CC5-39D2-8C80-2E80599FAABF}.Release|Mixed Platforms.Build.0 = Release|x64
		{7E94A71D-6CC5-39D2-8C80-2E80599FAABF}.Release|Win32.ActiveCfg = Release|x64
		{7E94A71D-6CC5-39D2-8C80-2E80599FAABF}.Release|x64.ActiveCfg = Release|x64
		{7E94A71D-6CC5-39D2-8C80-2E80599FAABF}.Release|x64.Build.0 = Release|x64
		{7E94A71D-6CC5-39D2-8C80-2E80599FAABF}.RelWithDebInfo|Mixed Platforms.ActiveCfg = RelWithDebInfo|x64
		{7E94A71D-6CC5-39D2-8C80-2E80599FAABF}.RelWithDebInfo|Mixed Platforms.Build.0 = RelWithDebInfo|x64
		{7E94A71D-6CC5-39D2-8C80-2E80599FAABF}.RelWithDebInfo|Win32.ActiveCfg = RelWithDebInfo|x64
		{7E94A71D-6CC5-39D2-8C80-2E80599FAABF}.RelWithDebInfo|x64.ActiveCfg = RelWithDebInfo|x64
		{7E94A71D-6CC5-39D2-8C80-2E80599FAABF}.RelWithDebInfo|x64.Build.0 = RelWithDebInfo|x64
		{7E94A71D-6CC5-39D2-8C80-2E80599FAABF}.Template|Mixed Platforms.ActiveCfg = RelWithDebInfo|x64
		{7E94A71D-6CC5-39D2-8C80-2E80599FAABF}.Template|Mixed Platforms.Build.0 = RelWithDebInfo|x64
		{7E94A71D-6CC5-39D2-8C80-2E80599FAABF}.Template|Win32.ActiveCfg = RelWithDebInfo|x64
		{7E94A71D-6CC5-39D2-8C80-2E80599FAABF}.Template|x64.ActiveCfg = RelWithDebInfo|x64
		{7E94A71D-6CC5-39D2-8C80-2E80599FAABF}.Template|x64.Build.0 = RelWithDebInfo|x64
		{FAF315BF-792B-3809-82BD-340F467386C6}.Debug|Mixed Platforms.ActiveCfg = Debug|x64
		{FAF315BF-792B-3809-82BD-340F467386C6}.Debug|Mixed Platforms.Build.0 = Debug|x64
		{FAF315BF-792B-3809-82BD-340F467386C6}.Debug|Win32.ActiveCfg = Debug|x64
		{FAF315BF-792B-3809-82BD-340F467386C6}.Debug|x64.ActiveCfg = Debug|x64
		{FAF315BF-792B-3809-82BD-340F467386C6}.Debug|x64.Build.0 = Debug|x64
		{FAF315BF-792B-3809-82BD-340F467386C6}.MinSizeRel|Mixed Platforms.ActiveCfg = MinSizeRel|x64
		{FAF315BF-792B-3809-82BD-340F467386C6}.MinSizeRel|Mixed Platforms.Build.0 = MinSizeRel|x64
		{FAF315BF-792B-3809-82BD-340F467386C6}.MinSizeRel|Win32.ActiveCfg = MinSizeRel|x64
		{FAF315BF-792B-3809-82BD-340F467386C6}.MinSizeRel|x64.ActiveCfg = MinSizeRel|x64
		{FAF315BF-792B-3809-82BD-340F467386C6}.MinSizeRel|x64.Build.0 = MinSizeRel|x64
		{FAF315BF-792B-3809-82BD-340F467386C6}.Release|Mixed Platforms.ActiveCfg = Release|x64
		{FAF315BF-792B-3809-82BD-340F467386C6}.Release|Mixed Platforms.Build.0 = Release|x64
		{FAF315BF-792B-3809-82BD-340F467386C6}.Release|Win32.ActiveCfg = Release|x64
		{FAF315BF-792B-3809-82BD-340F467386C6}.Release|x64.ActiveCfg = Release|x64
		{FAF315BF-792B-3809-82BD-340F467386C6}.Release|x64.Build.0 = Release|x64
		{FAF315BF-792B-3809-82BD-340F467386C6}.RelWithDebInfo|Mixed Platforms.ActiveCfg = RelWithDebInfo|x64
		{FAF315BF-792B-3809-82BD-340F467386C6}.RelWithDebInfo|Mixed Platforms.Build.0 = RelWithDebInfo|x64
		{FAF315BF-792B-3809-82BD-340F467386C6}.RelWithDebInfo|Win32.ActiveCfg = RelWithDebInfo|x64
		{FAF315BF-792B-3809-82BD-340F467386C6}.RelWithDebInfo|x64.ActiveCfg = RelWithDebInfo|x64
		{FAF315BF-792B-3809-82BD-340F467386C6}.RelWithDebInfo|x64.Build.0 = RelWithDebInfo|x64
		{FAF315BF-792B-3809-82BD-340F467386C6}.Template|Mixed Platforms.ActiveCfg = RelWithDebInfo|x64
		{FAF315BF-792B-3809-82BD-340F467386C6}.Template|Mixed Platforms.Build.0 = RelWithDebInfo|x64
		{FAF315BF-792B-3809-82BD-340F467386C6}.Template|Win32.ActiveCfg = RelWithDebInfo|x64
		{FAF315BF-792B-3809-82BD-340F467386C6}.Template|x64.ActiveCfg = RelWithDebInfo|x64
		{FAF315BF-792B-3809-82BD-340F467386C6}.Template|x64.Build.0 = RelWithDebInfo|x64
		{6E757EF2-7977-3DF0-9305-7687577CCB9C}.Debug|Mixed Platforms.ActiveCfg = Debug|x64
		{6E757EF2-7977-3DF0-9305-7687577CCB9C}.Debug|Mixed Platforms.Build.0 = Debug|x64
		{6E757EF2-7977-3DF0-9305-7687577CCB9C}.Debug|Win32.ActiveCfg = Debug|x64
		{6E757EF2-7977-3DF0-9305-7687577CCB9C}.Debug|x64.ActiveCfg = Debug|x64
		{6E757EF2-7977-3DF0-9305-7687577CCB9C}.Debug|x64.Build.0 = Debug|x64
		{6E757EF2-7977-3DF0-9305-7687577CCB9C}.MinSizeRel|Mixed Platforms.ActiveCfg = MinSizeRel|x64
		{6E757EF2-7977-3DF0-9305-7687577CCB9C}.MinSizeRel|Mixed Platforms.Build.0 = MinSizeRel|x64
		{6E757EF2-7977-3DF0-9305-7687577CCB9C}.MinSizeRel|Win32.ActiveCfg = MinSizeRel|x64
		{6E757EF2-7977-3DF0-9305-7687577CCB9C}.MinSizeRel|x64.ActiveCfg = MinSizeRel|x64
		{6E757EF2-7977-3DF0-9305-7687577CCB9C}.MinSizeRel|x64.Build.0 = MinSizeRel|x64
		{6E757EF2-7977-3DF0-9305-7687577CCB9C}.Release|Mixed Platforms.ActiveCfg = Release|x64
		{6E757EF2-7977-3DF0-9305-7687577CCB9C}.Release|Mixed Platforms.Build.0 = Release|x64
		{6E757EF2-7977-3DF0-9305-7687577CCB9C}.Release|Win32.ActiveCfg = Release|x64
		{6E757EF2-7977-3DF0-9305-7687577CCB9C}.Release|x64.ActiveCfg = Release|x64
		{6E757EF2-7977-3DF0-9305-7687577CCB9C}.Release|x64.Build.0 = Release|x64
		{6E757EF2-7977-3DF0-9305-7687577CCB9C}.RelWithDebInfo|Mixed Platforms.ActiveCfg = RelWithDebInfo|x64
		{6E757EF2-7977-3DF0-9305-7687577CCB9C}.RelWithDebInfo|Mixed Platforms.Build.0 = RelWithDebInfo|x64
		{6E757EF2-7977-3DF0-9305-7687577CCB9C}.RelWithDebInfo|Win32.ActiveCfg = RelWithDebInfo|x64
		{6E757EF2-7977-3DF0-9305-7687577CCB9C}.RelWithDebInfo|x64.ActiveCfg = RelWithDebInfo|x64
		{6E757EF2-7977-3DF0-9305-7687577CCB9C}.RelWithDebInfo|x64.Build.0 = RelWithDebInfo|x64
		{6E757EF2-7977-3DF0-9305-7687577CCB9C}.Template|Mixed Platforms.ActiveCfg = RelWithDebInfo|x64
		{6E757EF2-7977-3DF0-9305-7687577CCB9C}.Template|Mixed Platforms.Build.0 = RelWithDebInfo|x64
		{6E757EF2-7977-3DF0-9305-7687577CCB9C}.Template|Win32.ActiveCfg = RelWithDebInfo|x64
		{6E757EF2-7977-3DF0-9305-7687577CCB9C}.Template|x64.ActiveCfg = RelWithDebInfo|x64
		{6E757EF2-7977-3DF0-9305-7687577CCB9C}.Template|x64.Build.0 = RelWithDebInfo|x64
		{E99E7EEE-B5D0-343A-B305-2DD0A0EAF4C4}.Debug|Mixed Platforms.ActiveCfg = Debug|x64
		{E99E7EEE-B5D0-343A-B305-2DD0A0EAF4C4}.Debug|Mixed Platforms.Build.0 = Debug|x64
		{E99E7EEE-B5D0-343A-B305-2DD0A0EAF4C4}.Debug|Win32.ActiveCfg = Debug|x64
		{E99E7EEE-B5D0-343A-B305-2DD0A0EAF4C4}.Debug|x64.ActiveCfg = Debug|x64
		{E99E7EEE-B5D0-343A-B305-2DD0A0EAF4C4}.Debug|x64.Build.0 = Debug|x64
		{E99E7EEE-B5D0-343A-B305-2DD0A0EAF4C4}.MinSizeRel|Mixed Platforms.ActiveCfg = MinSizeRel|x64
		{E99E7EEE-B5D0-343A-B305-2DD0A0EAF4C4}.MinSizeRel|Mixed Platforms.Build.0 = MinSizeRel|x64
		{E99E7EEE-B5D0-343A-B305-2DD0A0EAF4C4}.MinSizeRel|Win32.ActiveCfg = MinSizeRel|x64
		{E99E7EEE-B5D0-343A-B305-2DD0A0EAF4C4}.MinSizeRel|x64.ActiveCfg = MinSizeRel|x64
		{E99E7EEE-B5D0-343A-B305-2DD0A0EAF4C4}.MinSizeRel|x64.Build.0 = MinSizeRel|x64
		{E99E7EEE-B5D0-343A-B305-2DD0A0EAF4C4}.Release|Mixed Platforms.ActiveCfg = Release|x64
		{E99E7EEE-B5D0-343A-B305-2DD0A0EAF4C4}.Release|Mixed Platforms.Build.0 = Release|x64
		{E99E7EEE-B5D0-343A-B305-2DD0A0EAF4C4}.Release|Win32.ActiveCfg = Release|x64
		{E99E7EEE-B5D0-343A-B305-2DD0A0EAF4C4}.Release|x64.ActiveCfg = Release|x64
		{E99E7EEE-B5D0-343A-B305-2DD0A0EAF4C4}.Release|x64.Build.0 = Release|x64
		{E99E7EEE-B5D0-343A-B305-2DD0A0EAF4C4}.RelWithDebInfo|Mixed Platforms.ActiveCfg = RelWithDebInfo|x64
		{E99E7EEE-B5D0-343A-B305-2DD0A0EAF4C4}.RelWithDebInfo|Mixed Platforms.Build.0 = RelWithDebInfo|x64
		{E99E7EEE-B5D0-343A-B305-2DD0A0EAF4C4}.RelWithDebInfo|Win32.ActiveCfg = RelWithDebInfo|x64
		{E99E7EEE-B5D0-343A-B305-2DD0A0EAF4C4}.RelWithDebInfo|x64.ActiveCfg = RelWithDebInfo|x64
		{E99E7EEE-B5D0-343A-B305-2DD0A0EAF4C4}.RelWithDebInfo|x64.Build.0 = RelWithDebInfo|x64
		{E99E7EEE-B5D0-343A-B305-2DD0A0EAF4C4}.Template|Mixed Platforms.ActiveCfg = RelWithDebInfo|x64
		{E99E7EEE-B5D0-343A-B305-2DD0A0EAF4C4}.Template|Mixed Platforms.Build.0 = RelWithDebInfo|x64
		{E99E7EEE-B5D0-343A-B305-2DD0A0EAF4C4}.Template|Win32.ActiveCfg = RelWithDebInfo|x64
		{E99E7EEE-B5D0-343A-B305-2DD0A0EAF4C4}.Template|x64.ActiveCfg = RelWithDebInfo|x64
		{E99E7EEE-B5D0-343A-B305-2DD0A0EAF4C4}.Template|x64.Build.0 = RelWithDebInfo|x64
		{A05FC387-154B-3C9E-9BD4-326A4606720E}.Debug|Mixed Platforms.ActiveCfg = Debug|x64
		{A05FC387-154B-3C9E-9BD4-326A4606720E}.Debug|Mixed Platforms.Build.0 = Debug|x64
		{A05FC387-154B-3C9E-9BD4-326A4606720E}.Debug|Win32.ActiveCfg = Debug|x64
		{A05FC387-154B-3C9E-9BD4-326A4606720E}.Debug|x64.ActiveCfg = Debug|x64
		{A05FC387-154B-3C9E-9BD4-326A4606720E}.Debug|x64.Build.0 = Debug|x64
		{A05FC387-154B-3C9E-9BD4-326A4606720E}.MinSizeRel|Mixed Platforms.ActiveCfg = MinSizeRel|x64
		{A05FC387-154B-3C9E-9BD4-326A4606720E}.MinSizeRel|Mixed Platforms.Build.0 = MinSizeRel|x64
		{A05FC387-154B-3C9E-9BD4-326A4606720E}.MinSizeRel|Win32.ActiveCfg = MinSizeRel|x64
		{A05FC387-154B-3C9E-9BD4-326A4606720E}.MinSizeRel|x64.ActiveCfg = MinSizeRel|x64
		{A05FC387-154B-3C9E-9BD4-326A4606720E}.MinSizeRel|x64.Build.0 = MinSizeRel|x64
		{A05FC387-154B-3C9E-9BD4-326A4606720E}.Release|Mixed Platforms.ActiveCfg = Release|x64
		{A05FC387-154B-3C9E-9BD4-326A4606720E}.Release|Mixed Platforms.Build.0 = Release|x64
		{A05FC387-154B-3C9E-9BD4-326A4606720E}.Release|Win32.ActiveCfg = Release|x64
		{A05FC387-154B-3C9E-9BD4-326A4606720E}.Release|x64.ActiveCfg = Release|x64
		{A05FC387-154B-3C9E-9BD4-326A4606720E}.Release|x64.Build.0 = Release|x64
		{A05FC387-154B-3C9E-9BD4-326A4606720E}.RelWithDebInfo|Mixed Platforms.ActiveCfg = RelWithDebInfo|x64
		{A05FC387-154B-3C9E-9BD4-326A4606720E}.RelWithDebInfo|Mixed Platforms.Build.0 = RelWithDebInfo|x64
		{A05FC387-154B-3C9E-9BD4-326A4606720E}.RelWithDebInfo|Win32.ActiveCfg = RelWithDebInfo|x64
		{A05FC387-154B-3C9E-9BD4-326A4606720E}.RelWithDebInfo|x64.ActiveCfg = RelWithDebInfo|x64
		{A05FC387-154B-3C9E-9BD4-326A4606720E}.RelWithDebInfo|x64.Build.0 = RelWithDebInfo|x64
		{A05FC387-154B-3C9E-9BD4-326A4606720E}.Template|Mixed Platforms.ActiveCfg = RelWithDebInfo|x64
		{A05FC387-154B-3C9E-9BD4-326A4606720E}.Template|Mixed Platforms.Build.0 = RelWithDebInfo|x64
		{A05FC387-154B-3C9E-9BD4-326A4606720E}.Template|Win32.ActiveCfg = RelWithDebInfo|x64
		{A05FC387-154B-3C9E-9BD4-326A4606720E}.Template|x64.ActiveCfg = RelWithDebInfo|x64
		{A05FC387-154B-3C9E-9BD4-326A4606720E}.Template|x64.Build.0 = RelWithDebInfo|x64
		{DC4746A8-3FBE-3D96-B9A4-A217B2834F26}.Debug|Mixed Platforms.ActiveCfg = Debug|x64
		{DC4746A8-3FBE-3D96-B9A4-A217B2834F26}.Debug|Mixed Platforms.Build.0 = Debug|x64
		{DC4746A8-3FBE-3D96-B9A4-A217B2834F26}.Debug|Win32.ActiveCfg = Debug|x64
		{DC4746A8-3FBE-3D96-B9A4-A217B2834F26}.Debug|x64.ActiveCfg = Debug|x64
		{DC4746A8-3FBE-3D96-B9A4-A217B2834F26}.Debug|x64.Build.0 = Debug|x64
		{DC4746A8-3FBE-3D96-B9A4-A217B2834F26}.MinSizeRel|Mixed Platforms.ActiveCfg = MinSizeRel|x64
		{DC4746A8-3FBE-3D96-B9A4-A217B2834F26}.MinSizeRel|Mixed Platforms.Build.0 = MinSizeRel|x64
		{DC4746A8-3FBE-3D96-B9A4-A217B2834F26}.MinSizeRel|Win32.ActiveCfg = MinSizeRel|x64
		{DC4746A8-3FBE-3D96-B9A4-A217B2834F26}.MinSizeRel|x64.ActiveCfg = MinSizeRel|x64
		{DC4746A8-3FBE-3D96-B9A4-A217B2834F26}.MinSizeRel|x64.Build.0 = MinSizeRel|x64
		{DC4746A8-3FBE-3D96-B9A4-A217B2834F26}.Release|Mixed Platforms.ActiveCfg = Release|x64
		{DC4746A8-3FBE-3D96-B9A4-A217B2834F26}.Release|Mixed Platforms.Build.0 = Release|x64
		{DC4746A8-3FBE-3D96-B9A4-A217B2834F26}.Release|Win32.ActiveCfg = Release|x64
		{DC4746A8-3FBE-3D96-B9A4-A217B2834F26}.Release|x64.ActiveCfg = Release|x64
		{DC4746A8-3FBE-3D96-B9A4-A217B2834F26}.Release|x64.Build.0 = Release|x64
		{DC4746A8-3FBE-3D96-B9A4-A217B2834F26}.RelWithDebInfo|Mixed Platforms.ActiveCfg = RelWithDebInfo|x64
		{DC4746A8-3FBE-3D96-B9A4-A217B2834F26}.RelWithDebInfo|Mixed Platforms.Build.0 = RelWithDebInfo|x64
		{DC4746A8-3FBE-3D96-B9A4-A217B2834F26}.RelWithDebInfo|Win32.ActiveCfg = RelWithDebInfo|x64
		{DC4746A8-3FBE-3D96-B9A4-A217B2834F26}.RelWithDebInfo|x64.ActiveCfg = RelWithDebInfo|x64
		{DC4746A8-3FBE-3D96-B9A4-A217B2834F26}.RelWithDebInfo|x64.Build.0 = RelWithDebInfo|x64
		{DC4746A8-3FBE-3D96-B9A4-A217B2834F26}.Template|Mixed Platforms.ActiveCfg = RelWithDebInfo|x64
		{DC4746A8-3FBE-3D96-B9A4-A217B2834F26}.Template|Mixed Platforms.Build.0 = RelWithDebInfo|x64
		{DC4746A8-3FBE-3D96-B9A4-A217B2834F26}.Template|Win32.ActiveCfg = RelWithDebInfo|x64
		{DC4746A8-3FBE-3D96-B9A4-A217B2834F26}.Template|x64.ActiveCfg = RelWithDebInfo|x64
		{DC4746A8-3FBE-3D96-B9A4-A217B2834F26}.Template|x64.Build.0 = RelWithDebInfo|x64
		{21582847-E19D-3B0A-B5EE-79B5DE0EA3A2}.Debug|Mixed Platforms.ActiveCfg = Debug|x64
		{21582847-E19D-3B0A-B5EE-79B5DE0EA3A2}.Debug|Mixed Platforms.Build.0 = Debug|x64
		{21582847-E19D-3B0A-B5EE-79B5DE0EA3A2}.Debug|Win32.ActiveCfg = Debug|x64
		{21582847-E19D-3B0A-B5EE-79B5DE0EA3A2}.Debug|x64.ActiveCfg = Debug|x64
		{21582847-E19D-3B0A-B5EE-79B5DE0EA3A2}.Debug|x64.Build.0 = Debug|x64
		{21582847-E19D-3B0A-B5EE-79B5DE0EA3A2}.MinSizeRel|Mixed Platforms.ActiveCfg = MinSizeRel|x64
		{21582847-E19D-3B0A-B5EE-79B5DE0EA3A2}.MinSizeRel|Mixed Platforms.Build.0 = MinSizeRel|x64
		{21582847-E19D-3B0A-B5EE-79B5DE0EA3A2}.MinSizeRel|Win32.ActiveCfg = MinSizeRel|x64
		{21582847-E19D-3B0A-B5EE-79B5DE0EA3A2}.MinSizeRel|x64.ActiveCfg = MinSizeRel|x64
		{21582847-E19D-3B0A-B5EE-79B5DE0EA3A2}.MinSizeRel|x64.Build.0 = MinSizeRel|x64
		{21582847-E19D-3B0A-B5EE-79B5DE0EA3A2}.Release|Mixed Platforms.ActiveCfg = Release|x64
		{21582847-E19D-3B0A-B5EE-79B5DE0EA3A2}.Release|Mixed Platforms.Build.0 = Release|x64
		{21582847-E19D-3B0A-B5EE-79B5DE0EA3A2}.Release|Win32.ActiveCfg = Release|x64
		{21582847-E19D-3B0A-B5EE-79B5DE0EA3A2}.Release|x64.ActiveCfg = Release|x64
		{21582847-E19D-3B0A-B5EE-79B5DE0EA3A2}.Release|x64.Build.0 = Release|x64
		{21582847-E19D-3B0A-B5EE-79B5DE0EA3A2}.RelWithDebInfo|Mixed Platforms.ActiveCfg = RelWithDebInfo|x64
		{21582847-E19D-3B0A-B5EE-79B5DE0EA3A2}.RelWithDebInfo|Mixed Platforms.Build.0 = RelWithDebInfo|x64
		{21582847-E19D-3B0A-B5EE-79B5DE0EA3A2}.RelWithDebInfo|Win32.ActiveCfg = RelWithDebInfo|x64
		{21582847-E19D-3B0A-B5EE-79B5DE0EA3A2}.RelWithDebInfo|x64.ActiveCfg = RelWithDebInfo|x64
		{21582847-E19D-3B0A-B5EE-79B5DE0EA3A2}.RelWithDebInfo|x64.Build.0 = RelWithDebInfo|x64
		{21582847-E19D-3B0A-B5EE-79B5DE0EA3A2}.Template|Mixed Platforms.ActiveCfg = RelWithDebInfo|x64
		{21582847-E19D-3B0A-B5EE-79B5DE0EA3A2}.Template|Mixed Platforms.Build.0 = RelWithDebInfo|x64
		{21582847-E19D-3B0A-B5EE-79B5DE0EA3A2}.Template|Win32.ActiveCfg = RelWithDebInfo|x64
		{21582847-E19D-3B0A-B5EE-79B5DE0EA3A2}.Template|x64.ActiveCfg = RelWithDebInfo|x64
		{21582847-E19D-3B0A-B5EE-79B5DE0EA3A2}.Template|x64.Build.0 = RelWithDebInfo|x64
		{6F3E286D-6BF2-3F0A-88ED-F7373DB12AA9}.Debug|Mixed Platforms.ActiveCfg = Debug|x64
		{6F3E286D-6BF2-3F0A-88ED-F7373DB12AA9}.Debug|Mixed Platforms.Build.0 = Debug|x64
		{6F3E286D-6BF2-3F0A-88ED-F7373DB12AA9}.Debug|Win32.ActiveCfg = Debug|x64
		{6F3E286D-6BF2-3F0A-88ED-F7373DB12AA9}.Debug|x64.ActiveCfg = Debug|x64
		{6F3E286D-6BF2-3F0A-88ED-F7373DB12AA9}.Debug|x64.Build.0 = Debug|x64
		{6F3E286D-6BF2-3F0A-88ED-F7373DB12AA9}.MinSizeRel|Mixed Platforms.ActiveCfg = MinSizeRel|x64
		{6F3E286D-6BF2-3F0A-88ED-F7373DB12AA9}.MinSizeRel|Mixed Platforms.Build.0 = MinSizeRel|x64
		{6F3E286D-6BF2-3F0A-88ED-F7373DB12AA9}.MinSizeRel|Win32.ActiveCfg = MinSizeRel|x64
		{6F3E286D-6BF2-3F0A-88ED-F7373DB12AA9}.MinSizeRel|x64.ActiveCfg = MinSizeRel|x64
		{6F3E286D-6BF2-3F0A-88ED-F7373DB12AA9}.MinSizeRel|x64.Build.0 = MinSizeRel|x64
		{6F3E286D-6BF2-3F0A-88ED-F7373DB12AA9}.Release|Mixed Platforms.ActiveCfg = Release|x64
		{6F3E286D-6BF2-3F0A-88ED-F7373DB12AA9}.Release|Mixed Platforms.Build.0 = Release|x64
		{6F3E286D-6BF2-3F0A-88ED-F7373DB12AA9}.Release|Win32.ActiveCfg = Release|x64
		{6F3E286D-6BF2-3F0A-88ED-F7373DB12AA9}.Release|x64.ActiveCfg = Release|x64
		{6F3E286D-6BF2-3F0A-88ED-F7373DB12AA9}.Release|x64.Build.0 = Release|x64
		{6F3E286D-6BF2-3F0A-88ED-F7373DB12AA9}.RelWithDebInfo|Mixed Platforms.ActiveCfg = RelWithDebInfo|x64
		{6F3E286D-6BF2-3F0A-88ED-F7373DB12AA9}.RelWithDebInfo|Mixed Platforms.Build.0 = RelWithDebInfo|x64
		{6F3E286D-6BF2-3F0A-88ED-F7373DB12AA9}.RelWithDebInfo|Win32.ActiveCfg = RelWithDebInfo|x64
		{6F3E286D-6BF2-3F0A-88ED-F7373DB12AA9}.RelWithDebInfo|x64.ActiveCfg = RelWithDebInfo|x64
		{6F3E286D-6BF2-3F0A-88ED-F7373DB12AA9}.RelWithDebInfo|x64.Build.0 = RelWithDebInfo|x64
		{6F3E286D-6BF2-3F0A-88ED-F7373DB12AA9}.Template|Mixed Platforms.ActiveCfg = RelWithDebInfo|x64
		{6F3E286D-6BF2-3F0A-88ED-F7373DB12AA9}.Template|Mixed Platforms.Build.0 = RelWithDebInfo|x64
		{6F3E286D-6BF2-3F0A-88ED-F7373DB12AA9}.Template|Win32.ActiveCfg = RelWithDebInfo|x64
		{6F3E286D-6BF2-3F0A-88ED-F7373DB12AA9}.Template|x64.ActiveCfg = RelWithDebInfo|x64
		{6F3E286D-6BF2-3F0A-88ED-F7373DB12AA9}.Template|x64.Build.0 = RelWithDebInfo|x64
		{FD5B519B-5DBF-48E3-AA90-BDAF5A638B0D}.Debug|Mixed Platforms.ActiveCfg = Debug|x64
		{FD5B519B-5DBF-48E3-AA90-BDAF5A638B0D}.Debug|Mixed Platforms.Build.0 = Debug|x64
		{FD5B519B-5DBF-48E3-AA90-BDAF5A638B0D}.Debug|Win32.ActiveCfg = Debug|x64
		{FD5B519B-5DBF-48E3-AA90-BDAF5A638B0D}.Debug|x64.ActiveCfg = Debug|x64
		{FD5B519B-5DBF-48E3-AA90-BDAF5A638B0D}.Debug|x64.Build.0 = Debug|x64
		{FD5B519B-5DBF-48E3-AA90-BDAF5A638B0D}.MinSizeRel|Mixed Platforms.ActiveCfg = MinSizeRel|x64
		{FD5B519B-5DBF-48E3-AA90-BDAF5A638B0D}.MinSizeRel|Mixed Platforms.Build.0 = MinSizeRel|x64
		{FD5B519B-5DBF-48E3-AA90-BDAF5A638B0D}.MinSizeRel|Win32.ActiveCfg = MinSizeRel|x64
		{FD5B519B-5DBF-48E3-AA90-BDAF5A638B0D}.MinSizeRel|x64.ActiveCfg = MinSizeRel|x64
		{FD5B519B-5DBF-48E3-AA90-BDAF5A638B0D}.MinSizeRel|x64.Build.0 = MinSizeRel|x64
		{FD5B519B-5DBF-48E3-AA90-BDAF5A638B0D}.Release|Mixed Platforms.ActiveCfg = Release|x64
		{FD5B519B-5DBF-48E3-AA90-BDAF5A638B0D}.Release|Mixed Platforms.Build.0 = Release|x64
		{FD5B519B-5DBF-48E3-AA90-BDAF5A638B0D}.Release|Win32.ActiveCfg = Release|x64
		{FD5B519B-5DBF-48E3-AA90-BDAF5A638B0D}.Release|x64.ActiveCfg = Release|x64
		{FD5B519B-5DBF-48E3-AA90-BDAF5A638B0D}.Release|x64.Build.0 = Release|x64
		{FD5B519B-5DBF-48E3-AA90-BDAF5A638B0D}.RelWithDebInfo|Mixed Platforms.ActiveCfg = RelWithDebInfo|x64
		{FD5B519B-5DBF-48E3-AA90-BDAF5A638B0D}.RelWithDebInfo|Mixed Platforms.Build.0 = RelWithDebInfo|x64
		{FD5B519B-5DBF-48E3-AA90-BDAF5A638B0D}.RelWithDebInfo|Win32.ActiveCfg = RelWithDebInfo|x64
		{FD5B519B-5DBF-48E3-AA90-BDAF5A638B0D}.RelWithDebInfo|x64.ActiveCfg = RelWithDebInfo|x64
		{FD5B519B-5DBF-48E3-AA90-BDAF5A638B0D}.RelWithDebInfo|x64.Build.0 = RelWithDebInfo|x64
		{FD5B519B-5DBF-48E3-AA90-BDAF5A638B0D}.Template|Mixed Platforms.ActiveCfg = RelWithDebInfo|x64
		{FD5B519B-5DBF-48E3-AA90-BDAF5A638B0D}.Template|Mixed Platforms.Build.0 = RelWithDebInfo|x64
		{FD5B519B-5DBF-48E3-AA90-BDAF5A638B0D}.Template|Win32.ActiveCfg = RelWithDebInfo|x64
		{FD5B519B-5DBF-48E3-AA90-BDAF5A638B0D}.Template|x64.ActiveCfg = RelWithDebInfo|x64
		{FD5B519B-5DBF-48E3-AA90-BDAF5A638B0D}.Template|x64.Build.0 = RelWithDebInfo|x64
		{E3DB16EF-D849-4E0E-BB7D-7D06094E8FA6}.Debug|Mixed Platforms.ActiveCfg = Debug|x64
		{E3DB16EF-D849-4E0E-BB7D-7D06094E8FA6}.Debug|Mixed Platforms.Build.0 = Debug|x64
		{E3DB16EF-D849-4E0E-BB7D-7D06094E8FA6}.Debug|Win32.ActiveCfg = Debug|x64
		{E3DB16EF-D849-4E0E-BB7D-7D06094E8FA6}.Debug|x64.ActiveCfg = Debug|x64
		{E3DB16EF-D849-4E0E-BB7D-7D06094E8FA6}.Debug|x64.Build.0 = Debug|x64
		{E3DB16EF-D849-4E0E-BB7D-7D06094E8FA6}.MinSizeRel|Mixed Platforms.ActiveCfg = MinSizeRel|x64
		{E3DB16EF-D849-4E0E-BB7D-7D06094E8FA6}.MinSizeRel|Mixed Platforms.Build.0 = MinSizeRel|x64
		{E3DB16EF-D849-4E0E-BB7D-7D06094E8FA6}.MinSizeRel|Win32.ActiveCfg = MinSizeRel|x64
		{E3DB16EF-D849-4E0E-BB7D-7D06094E8FA6}.MinSizeRel|x64.ActiveCfg = MinSizeRel|x64
		{E3DB16EF-D849-4E0E-BB7D-7D06094E8FA6}.MinSizeRel|x64.Build.0 = MinSizeRel|x64
		{E3DB16EF-D849-4E0E-BB7D-7D06094E8FA6}.Release|Mixed Platforms.ActiveCfg = Release|x64
		{E3DB16EF-D849-4E0E-BB7D-7D06094E8FA6}.Release|Mixed Platforms.Build.0 = Release|x64
		{E3DB16EF-D849-4E0E-BB7D-7D06094E8FA6}.Release|Win32.ActiveCfg = Release|x64
		{E3DB16EF-D849-4E0E-BB7D-7D06094E8FA6}.Release|x64.ActiveCfg = Release|x64
		{E3DB16EF-D849-4E0E-BB7D-7D06094E8FA6}.Release|x64.Build.0 = Release|x64
		{E3DB16EF-D849-4E0E-BB7D-7D06094E8FA6}.RelWithDebInfo|Mixed Platforms.ActiveCfg = RelWithDebInfo|x64
		{E3DB16EF-D849-4E0E-BB7D-7D06094E8FA6}.RelWithDebInfo|Mixed Platforms.Build.0 = RelWithDebInfo|x64
		{E3DB16EF-D849-4E0E-BB7D-7D06094E8FA6}.RelWithDebInfo|Win32.ActiveCfg = RelWithDebInfo|x64
		{E3DB16EF-D849-4E0E-BB7D-7D06094E8FA6}.RelWithDebInfo|x64.ActiveCfg = RelWithDebInfo|x64
		{E3DB16EF-D849-4E0E-BB7D-7D06094E8FA6}.RelWithDebInfo|x64.Build.0 = RelWithDebInfo|x64
		{E3DB16EF-D849-4E0E-BB7D-7D06094E8FA6}.Template|Mixed Platforms.ActiveCfg = RelWithDebInfo|x64
		{E3DB16EF-D849-4E0E-BB7D-7D06094E8FA6}.Template|Mixed Platforms.Build.0 = RelWithDebInfo|x64
		{E3DB16EF-D849-4E0E-BB7D-7D06094E8FA6}.Template|Win32.ActiveCfg = RelWithDebInfo|x64
		{E3DB16EF-D849-4E0E-BB7D-7D06094E8FA6}.Template|x64.ActiveCfg = RelWithDebInfo|x64
		{E3DB16EF-D849-4E0E-BB7D-7D06094E8FA6}.Template|x64.Build.0 = RelWithDebInfo|x64
		{E46F96A4-2374-36E8-87D2-A901217175E4}.Debug|Mixed Platforms.ActiveCfg = Debug|x64
		{E46F96A4-2374-36E8-87D2-A901217175E4}.Debug|Mixed Platforms.Build.0 = Debug|x64
		{E46F96A4-2374-36E8-87D2-A901217175E4}.Debug|Win32.ActiveCfg = Debug|x64
		{E46F96A4-2374-36E8-87D2-A901217175E4}.Debug|x64.ActiveCfg = Debug|x64
		{E46F96A4-2374-36E8-87D2-A901217175E4}.Debug|x64.Build.0 = Debug|x64
		{E46F96A4-2374-36E8-87D2-A901217175E4}.MinSizeRel|Mixed Platforms.ActiveCfg = MinSizeRel|x64
		{E46F96A4-2374-36E8-87D2-A901217175E4}.MinSizeRel|Mixed Platforms.Build.0 = MinSizeRel|x64
		{E46F96A4-2374-36E8-87D2-A901217175E4}.MinSizeRel|Win32.ActiveCfg = MinSizeRel|x64
		{E46F96A4-2374-36E8-87D2-A901217175E4}.MinSizeRel|x64.ActiveCfg = MinSizeRel|x64
		{E46F96A4-2374-36E8-87D2-A901217175E4}.MinSizeRel|x64.Build.0 = MinSizeRel|x64
		{E46F96A4-2374-36E8-87D2-A901217175E4}.Release|Mixed Platforms.ActiveCfg = Release|x64
		{E46F96A4-2374-36E8-87D2-A901217175E4}.Release|Mixed Platforms.Build.0 = Release|x64
		{E46F96A4-2374-36E8-87D2-A901217175E4}.Release|Win32.ActiveCfg = Release|x64
		{E46F96A4-2374-36E8-87D2-A901217175E4}.Release|x64.ActiveCfg = Release|x64
		{E46F96A4-2374-36E8-87D2-A901217175E4}.Release|x64.Build.0 = Release|x64
		{E46F96A4-2374-36E8-87D2-A901217175E4}.RelWithDebInfo|Mixed Platforms.ActiveCfg = RelWithDebInfo|x64
		{E46F96A4-2374-36E8-87D2-A901217175E4}.RelWithDebInfo|Mixed Platforms.Build.0 = RelWithDebInfo|x64
		{E46F96A4-2374-36E8-87D2-A901217175E4}.RelWithDebInfo|Win32.ActiveCfg = RelWithDebInfo|x64
		{E46F96A4-2374-36E8-87D2-A901217175E4}.RelWithDebInfo|x64.ActiveCfg = RelWithDebInfo|x64
		{E46F96A4-2374-36E8-87D2-A901217175E4}.RelWithDebInfo|x64.Build.0 = RelWithDebInfo|x64
		{E46F96A4-2374-36E8-87D2-A901217175E4}.Template|Mixed Platforms.ActiveCfg = RelWithDebInfo|x64
		{E46F96A4-2374-36E8-87D2-A901217175E4}.Template|Mixed Platforms.Build.0 = RelWithDebInfo|x64
		{E46F96A4-2374-36E8-87D2-A901217175E4}.Template|Win32.ActiveCfg = RelWithDebInfo|x64
		{E46F96A4-2374-36E8-87D2-A901217175E4}.Template|x64.ActiveCfg = RelWithDebInfo|x64
		{E46F96A4-2374-36E8-87D2-A901217175E4}.Template|x64.Build.0 = RelWithDebInfo|x64
		{E946C425-BAED-3885-91B0-2CFF6A7B9449}.Debug|Mixed Platforms.ActiveCfg = Debug|x64
		{E946C425-BAED-3885-91B0-2CFF6A7B9449}.Debug|Mixed Platforms.Build.0 = Debug|x64
		{E946C425-BAED-3885-91B0-2CFF6A7B9449}.Debug|Win32.ActiveCfg = Debug|x64
		{E946C425-BAED-3885-91B0-2CFF6A7B9449}.Debug|x64.ActiveCfg = Debug|x64
		{E946C425-BAED-3885-91B0-2CFF6A7B9449}.Debug|x64.Build.0 = Debug|x64
		{E946C425-BAED-3885-91B0-2CFF6A7B9449}.MinSizeRel|Mixed Platforms.ActiveCfg = MinSizeRel|x64
		{E946C425-BAED-3885-91B0-2CFF6A7B9449}.MinSizeRel|Mixed Platforms.Build.0 = MinSizeRel|x64
		{E946C425-BAED-3885-91B0-2CFF6A7B9449}.MinSizeRel|Win32.ActiveCfg = MinSizeRel|x64
		{E946C425-BAED-3885-91B0-2CFF6A7B9449}.MinSizeRel|x64.ActiveCfg = MinSizeRel|x64
		{E946C425-BAED-3885-91B0-2CFF6A7B9449}.MinSizeRel|x64.Build.0 = MinSizeRel|x64
		{E946C425-BAED-3885-91B0-2CFF6A7B9449}.Release|Mixed Platforms.ActiveCfg = Release|x64
		{E946C425-BAED-3885-91B0-2CFF6A7B9449}.Release|Mixed Platforms.Build.0 = Release|x64
		{E946C425-BAED-3885-91B0-2CFF6A7B9449}.Release|Win32.ActiveCfg = Release|x64
		{E946C425-BAED-3885-91B0-2CFF6A7B9449}.Release|x64.ActiveCfg = Release|x64
		{E946C425-BAED-3885-91B0-2CFF6A7B9449}.Release|x64.Build.0 = Release|x64
		{E946C425-BAED-3885-91B0-2CFF6A7B9449}.RelWithDebInfo|Mixed Platforms.ActiveCfg = RelWithDebInfo|x64
		{E946C425-BAED-3885-91B0-2CFF6A7B9449}.RelWithDebInfo|Mixed Platforms.Build.0 = RelWithDebInfo|x64
		{E946C425-BAED-3885-91B0-2CFF6A7B9449}.RelWithDebInfo|Win32.ActiveCfg = RelWithDebInfo|x64
		{E946C425-BAED-3885-91B0-2CFF6A7B9449}.RelWithDebInfo|x64.ActiveCfg = RelWithDebInfo|x64
		{E946C425-BAED-3885-91B0-2CFF6A7B9449}.RelWithDebInfo|x64.Build.0 = RelWithDebInfo|x64
		{E946C425-BAED-3885-91B0-2CFF6A7B9449}.Template|Mixed Platforms.ActiveCfg = RelWithDebInfo|x64
		{E946C425-BAED-3885-91B0-2CFF6A7B9449}.Template|Mixed Platforms.Build.0 = RelWithDebInfo|x64
		{E946C425-BAED-3885-91B0-2CFF6A7B9449}.Template|Win32.ActiveCfg = RelWithDebInfo|x64
		{E946C425-BAED-3885-91B0-2CFF6A7B9449}.Template|x64.ActiveCfg = RelWithDebInfo|x64
		{E946C425-BAED-3885-91B0-2CFF6A7B9449}.Template|x64.Build.0 = RelWithDebInfo|x64
		{39FE7C54-1F48-34ED-B590-40CB720EAC94}.Debug|Mixed Platforms.ActiveCfg = Debug|x64
		{39FE7C54-1F48-34ED-B590-40CB720EAC94}.Debug|Mixed Platforms.Build.0 = Debug|x64
		{39FE7C54-1F48-34ED-B590-40CB720EAC94}.Debug|Win32.ActiveCfg = Debug|x64
		{39FE7C54-1F48-34ED-B590-40CB720EAC94}.Debug|x64.ActiveCfg = Debug|x64
		{39FE7C54-1F48-34ED-B590-40CB720EAC94}.Debug|x64.Build.0 = Debug|x64
		{39FE7C54-1F48-34ED-B590-40CB720EAC94}.MinSizeRel|Mixed Platforms.ActiveCfg = MinSizeRel|x64
		{39FE7C54-1F48-34ED-B590-40CB720EAC94}.MinSizeRel|Mixed Platforms.Build.0 = MinSizeRel|x64
		{39FE7C54-1F48-34ED-B590-40CB720EAC94}.MinSizeRel|Win32.ActiveCfg = MinSizeRel|x64
		{39FE7C54-1F48-34ED-B590-40CB720EAC94}.MinSizeRel|x64.ActiveCfg = MinSizeRel|x64
		{39FE7C54-1F48-34ED-B590-40CB720EAC94}.MinSizeRel|x64.Build.0 = MinSizeRel|x64
		{39FE7C54-1F48-34ED-B590-40CB720EAC94}.Release|Mixed Platforms.ActiveCfg = Release|x64
		{39FE7C54-1F48-34ED-B590-40CB720EAC94}.Release|Mixed Platforms.Build.0 = Release|x64
		{39FE7C54-1F48-34ED-B590-40CB720EAC94}.Release|Win32.ActiveCfg = Release|x64
		{39FE7C54-1F48-34ED-B590-40CB720EAC94}.Release|x64.ActiveCfg = Release|x64
		{39FE7C54-1F48-34ED-B590-40CB720EAC94}.Release|x64.Build.0 = Release|x64
		{39FE7C54-1F48-34ED-B590-40CB720EAC94}.RelWithDebInfo|Mixed Platforms.ActiveCfg = RelWithDebInfo|x64
		{39FE7C54-1F48-34ED-B590-40CB720EAC94}.RelWithDebInfo|Mixed Platforms.Build.0 = RelWithDebInfo|x64
		{39FE7C54-1F48-34ED-B590-40CB720EAC94}.RelWithDebInfo|Win32.ActiveCfg = RelWithDebInfo|x64
		{39FE7C54-1F48-34ED-B590-40CB720EAC94}.RelWithDebInfo|x64.ActiveCfg = RelWithDebInfo|x64
		{39FE7C54-1F48-34ED-B590-40CB720EAC94}.RelWithDebInfo|x64.Build.0 = RelWithDebInfo|x64
		{39FE7C54-1F48-34ED-B590-40CB720EAC94}.Template|Mixed Platforms.ActiveCfg = RelWithDebInfo|x64
		{39FE7C54-1F48-34ED-B590-40CB720EAC94}.Template|Mixed Platforms.Build.0 = RelWithDebInfo|x64
		{39FE7C54-1F48-34ED-B590-40CB720EAC94}.Template|Win32.ActiveCfg = RelWithDebInfo|x64
		{39FE7C54-1F48-34ED-B590-40CB720EAC94}.Template|x64.ActiveCfg = RelWithDebInfo|x64
		{39FE7C54-1F48-34ED-B590-40CB720EAC94}.Template|x64.Build.0 = RelWithDebInfo|x64
		{49F87719-2CB4-3251-8F27-DAD0484DD698}.Debug|Mixed Platforms.ActiveCfg = Debug|x64
		{49F87719-2CB4-3251-8F27-DAD0484DD698}.Debug|Mixed Platforms.Build.0 = Debug|x64
		{49F87719-2CB4-3251-8F27-DAD0484DD698}.Debug|Win32.ActiveCfg = Debug|Win32
		{49F87719-2CB4-3251-8F27-DAD0484DD698}.Debug|Win32.Build.0 = Debug|Win32
		{49F87719-2CB4-3251-8F27-DAD0484DD698}.Debug|x64.ActiveCfg = Debug|x64
		{49F87719-2CB4-3251-8F27-DAD0484DD698}.Debug|x64.Build.0 = Debug|x64
		{49F87719-2CB4-3251-8F27-DAD0484DD698}.MinSizeRel|Mixed Platforms.ActiveCfg = MinSizeRel|Win32
		{49F87719-2CB4-3251-8F27-DAD0484DD698}.MinSizeRel|Mixed Platforms.Build.0 = MinSizeRel|Win32
		{49F87719-2CB4-3251-8F27-DAD0484DD698}.MinSizeRel|Win32.ActiveCfg = MinSizeRel|Win32
		{49F87719-2CB4-3251-8F27-DAD0484DD698}.MinSizeRel|Win32.Build.0 = MinSizeRel|Win32
		{49F87719-2CB4-3251-8F27-DAD0484DD698}.MinSizeRel|x64.ActiveCfg = MinSizeRel|x64
		{49F87719-2CB4-3251-8F27-DAD0484DD698}.MinSizeRel|x64.Build.0 = MinSizeRel|x64
		{49F87719-2CB4-3251-8F27-DAD0484DD698}.Release|Mixed Platforms.ActiveCfg = Release|x64
		{49F87719-2CB4-3251-8F27-DAD0484DD698}.Release|Mixed Platforms.Build.0 = Release|x64
		{49F87719-2CB4-3251-8F27-DAD0484DD698}.Release|Win32.ActiveCfg = Release|Win32
		{49F87719-2CB4-3251-8F27-DAD0484DD698}.Release|Win32.Build.0 = Release|Win32
		{49F87719-2CB4-3251-8F27-DAD0484DD698}.Release|x64.ActiveCfg = Release|x64
		{49F87719-2CB4-3251-8F27-DAD0484DD698}.Release|x64.Build.0 = Release|x64
		{49F87719-2CB4-3251-8F27-DAD0484DD698}.RelWithDebInfo|Mixed Platforms.ActiveCfg = RelWithDebInfo|x64
		{49F87719-2CB4-3251-8F27-DAD0484DD698}.RelWithDebInfo|Mixed Platforms.Build.0 = RelWithDebInfo|x64
		{49F87719-2CB4-3251-8F27-DAD0484DD698}.RelWithDebInfo|Win32.ActiveCfg = RelWithDebInfo|Win32
		{49F87719-2CB4-3251-8F27-DAD0484DD698}.RelWithDebInfo|Win32.Build.0 = RelWithDebInfo|Win32
		{49F87719-2CB4-3251-8F27-DAD0484DD698}.RelWithDebInfo|x64.ActiveCfg = RelWithDebInfo|x64
		{49F87719-2CB4-3251-8F27-DAD0484DD698}.RelWithDebInfo|x64.Build.0 = RelWithDebInfo|x64
		{49F87719-2CB4-3251-8F27-DAD0484DD698}.Template|Mixed Platforms.ActiveCfg = RelWithDebInfo|x64
		{49F87719-2CB4-3251-8F27-DAD0484DD698}.Template|Mixed Platforms.Build.0 = RelWithDebInfo|x64
		{49F87719-2CB4-3251-8F27-DAD0484DD698}.Template|Win32.ActiveCfg = RelWithDebInfo|x64
		{49F87719-2CB4-3251-8F27-DAD0484DD698}.Template|x64.ActiveCfg = RelWithDebInfo|x64
		{49F87719-2CB4-3251-8F27-DAD0484DD698}.Template|x64.Build.0 = RelWithDebInfo|x64
		{2F559BE3-6FA5-3CE7-93FA-ED813454EEDA}.Debug|Mixed Platforms.ActiveCfg = Debug|x64
		{2F559BE3-6FA5-3CE7-93FA-ED813454EEDA}.Debug|Mixed Platforms.Build.0 = Debug|x64
		{2F559BE3-6FA5-3CE7-93FA-ED813454EEDA}.Debug|Win32.ActiveCfg = Debug|Win32
		{2F559BE3-6FA5-3CE7-93FA-ED813454EEDA}.Debug|Win32.Build.0 = Debug|Win32
		{2F559BE3-6FA5-3CE7-93FA-ED813454EEDA}.Debug|x64.ActiveCfg = Debug|x64
		{2F559BE3-6FA5-3CE7-93FA-ED813454EEDA}.Debug|x64.Build.0 = Debug|x64
		{2F559BE3-6FA5-3CE7-93FA-ED813454EEDA}.MinSizeRel|Mixed Platforms.ActiveCfg = MinSizeRel|Win32
		{2F559BE3-6FA5-3CE7-93FA-ED813454EEDA}.MinSizeRel|Mixed Platforms.Build.0 = MinSizeRel|Win32
		{2F559BE3-6FA5-3CE7-93FA-ED813454EEDA}.MinSizeRel|Win32.ActiveCfg = MinSizeRel|Win32
		{2F559BE3-6FA5-3CE7-93FA-ED813454EEDA}.MinSizeRel|Win32.Build.0 = MinSizeRel|Win32
		{2F559BE3-6FA5-3CE7-93FA-ED813454EEDA}.MinSizeRel|x64.ActiveCfg = MinSizeRel|x64
		{2F559BE3-6FA5-3CE7-93FA-ED813454EEDA}.MinSizeRel|x64.Build.0 = MinSizeRel|x64
		{2F559BE3-6FA5-3CE7-93FA-ED813454EEDA}.Release|Mixed Platforms.ActiveCfg = Release|x64
		{2F559BE3-6FA5-3CE7-93FA-ED813454EEDA}.Release|Mixed Platforms.Build.0 = Release|x64
		{2F559BE3-6FA5-3CE7-93FA-ED813454EEDA}.Release|Win32.ActiveCfg = Release|Win32
		{2F559BE3-6FA5-3CE7-93FA-ED813454EEDA}.Release|Win32.Build.0 = Release|Win32
		{2F559BE3-6FA5-3CE7-93FA-ED813454EEDA}.Release|x64.ActiveCfg = Release|x64
		{2F559BE3-6FA5-3CE7-93FA-ED813454EEDA}.Release|x64.Build.0 = Release|x64
		{2F559BE3-6FA5-3CE7-93FA-ED813454EEDA}.RelWithDebInfo|Mixed Platforms.ActiveCfg = RelWithDebInfo|x64
		{2F559BE3-6FA5-3CE7-93FA-ED813454EEDA}.RelWithDebInfo|Mixed Platforms.Build.0 = RelWithDebInfo|x64
		{2F559BE3-6FA5-3CE7-93FA-ED813454EEDA}.RelWithDebInfo|Win32.ActiveCfg = RelWithDebInfo|Win32
		{2F559BE3-6FA5-3CE7-93FA-ED813454EEDA}.RelWithDebInfo|Win32.Build.0 = RelWithDebInfo|Win32
		{2F559BE3-6FA5-3CE7-93FA-ED813454EEDA}.RelWithDebInfo|x64.ActiveCfg = RelWithDebInfo|x64
		{2F559BE3-6FA5-3CE7-93FA-ED813454EEDA}.RelWithDebInfo|x64.Build.0 = RelWithDebInfo|x64
		{2F559BE3-6FA5-3CE7-93FA-ED813454EEDA}.Template|Mixed Platforms.ActiveCfg = RelWithDebInfo|x64
		{2F559BE3-6FA5-3CE7-93FA-ED813454EEDA}.Template|Mixed Platforms.Build.0 = RelWithDebInfo|x64
		{2F559BE3-6FA5-3CE7-93FA-ED813454EEDA}.Template|Win32.ActiveCfg = RelWithDebInfo|x64
		{2F559BE3-6FA5-3CE7-93FA-ED813454EEDA}.Template|x64.ActiveCfg = RelWithDebInfo|x64
		{2F559BE3-6FA5-3CE7-93FA-ED813454EEDA}.Template|x64.Build.0 = RelWithDebInfo|x64
		{AB62C978-D46A-452B-9650-5025152EC7ED}.Debug|Mixed Platforms.ActiveCfg = Debug|x64
		{AB62C978-D46A-452B-9650-5025152EC7ED}.Debug|Mixed Platforms.Build.0 = Debug|x64
		{AB62C978-D46A-452B-9650-5025152EC7ED}.Debug|Win32.ActiveCfg = Debug|Win32
		{AB62C978-D46A-452B-9650-5025152EC7ED}.Debug|Win32.Build.0 = Debug|Win32
		{AB62C978-D46A-452B-9650-5025152EC7ED}.Debug|x64.ActiveCfg = Debug|x64
		{AB62C978-D46A-452B-9650-5025152EC7ED}.Debug|x64.Build.0 = Debug|x64
		{AB62C978-D46A-452B-9650-5025152EC7ED}.MinSizeRel|Mixed Platforms.ActiveCfg = MinSizeRel|Win32
		{AB62C978-D46A-452B-9650-5025152EC7ED}.MinSizeRel|Mixed Platforms.Build.0 = MinSizeRel|Win32
		{AB62C978-D46A-452B-9650-5025152EC7ED}.MinSizeRel|Win32.ActiveCfg = MinSizeRel|Win32
		{AB62C978-D46A-452B-9650-5025152EC7ED}.MinSizeRel|Win32.Build.0 = MinSizeRel|Win32
		{AB62C978-D46A-452B-9650-5025152EC7ED}.MinSizeRel|x64.ActiveCfg = MinSizeRel|x64
		{AB62C978-D46A-452B-9650-5025152EC7ED}.MinSizeRel|x64.Build.0 = MinSizeRel|x64
		{AB62C978-D46A-452B-9650-5025152EC7ED}.Release|Mixed Platforms.ActiveCfg = Release|x64
		{AB62C978-D46A-452B-9650-5025152EC7ED}.Release|Mixed Platforms.Build.0 = Release|x64
		{AB62C978-D46A-452B-9650-5025152EC7ED}.Release|Win32.ActiveCfg = Release|Win32
		{AB62C978-D46A-452B-9650-5025152EC7ED}.Release|Win32.Build.0 = Release|Win32
		{AB62C978-D46A-452B-9650-5025152EC7ED}.Release|x64.ActiveCfg = Release|x64
		{AB62C978-D46A-452B-9650-5025152EC7ED}.Release|x64.Build.0 = Release|x64
		{AB62C978-D46A-452B-9650-5025152EC7ED}.RelWithDebInfo|Mixed Platforms.ActiveCfg = RelWithDebInfo|x64
		{AB62C978-D46A-452B-9650-5025152EC7ED}.RelWithDebInfo|Mixed Platforms.Build.0 = RelWithDebInfo|x64
		{AB62C978-D46A-452B-9650-5025152EC7ED}.RelWithDebInfo|Win32.ActiveCfg = RelWithDebInfo|Win32
		{AB62C978-D46A-452B-9650-5025152EC7ED}.RelWithDebInfo|Win32.Build.0 = RelWithDebInfo|Win32
		{AB62C978-D46A-452B-9650-5025152EC7ED}.RelWithDebInfo|x64.ActiveCfg = RelWithDebInfo|x64
		{AB62C978-D46A-452B-9650-5025152EC7ED}.RelWithDebInfo|x64.Build.0 = RelWithDebInfo|x64
		{AB62C978-D46A-452B-9650-5025152EC7ED}.Template|Mixed Platforms.ActiveCfg = RelWithDebInfo|x64
		{AB62C978-D46A-452B-9650-5025152EC7ED}.Template|Mixed Platforms.Build.0 = RelWithDebInfo|x64
		{AB62C978-D46A-452B-9650-5025152EC7ED}.Template|Win32.ActiveCfg = RelWithDebInfo|x64
		{AB62C978-D46A-452B-9650-5025152EC7ED}.Template|x64.ActiveCfg = RelWithDebInfo|x64
		{AB62C978-D46A-452B-9650-5025152EC7ED}.Template|x64.Build.0 = RelWithDebInfo|x64
		{D40A6D4A-F3C1-4F0E-BE14-037F003EC378}.Debug|Mixed Platforms.ActiveCfg = Debug|x64
		{D40A6D4A-F3C1-4F0E-BE14-037F003EC378}.Debug|Mixed Platforms.Build.0 = Debug|x64
		{D40A6D4A-F3C1-4F0E-BE14-037F003EC378}.Debug|Win32.ActiveCfg = Debug|x64
		{D40A6D4A-F3C1-4F0E-BE14-037F003EC378}.Debug|x64.ActiveCfg = Debug|x64
		{D40A6D4A-F3C1-4F0E-BE14-037F003EC378}.Debug|x64.Build.0 = Debug|x64
		{D40A6D4A-F3C1-4F0E-BE14-037F003EC378}.MinSizeRel|Mixed Platforms.ActiveCfg = MinSizeRel|x64
		{D40A6D4A-F3C1-4F0E-BE14-037F003EC378}.MinSizeRel|Mixed Platforms.Build.0 = MinSizeRel|x64
		{D40A6D4A-F3C1-4F0E-BE14-037F003EC378}.MinSizeRel|Win32.ActiveCfg = MinSizeRel|x64
		{D40A6D4A-F3C1-4F0E-BE14-037F003EC378}.MinSizeRel|x64.ActiveCfg = MinSizeRel|x64
		{D40A6D4A-F3C1-4F0E-BE14-037F003EC378}.MinSizeRel|x64.Build.0 = MinSizeRel|x64
		{D40A6D4A-F3C1-4F0E-BE14-037F003EC378}.Release|Mixed Platforms.ActiveCfg = Release|x64
		{D40A6D4A-F3C1-4F0E-BE14-037F003EC378}.Release|Mixed Platforms.Build.0 = Release|x64
		{D40A6D4A-F3C1-4F0E-BE14-037F003EC378}.Release|Win32.ActiveCfg = Release|x64
		{D40A6D4A-F3C1-4F0E-BE14-037F003EC378}.Release|x64.ActiveCfg = Release|x64
		{D40A6D4A-F3C1-4F0E-BE14-037F003EC378}.Release|x64.Build.0 = Release|x64
		{D40A6D4A-F3C1-4F0E-BE14-037F003EC378}.RelWithDebInfo|Mixed Platforms.ActiveCfg = RelWithDebInfo|x64
		{D40A6D4A-F3C1-4F0E-BE14-037F003EC378}.RelWithDebInfo|Mixed Platforms.Build.0 = RelWithDebInfo|x64
		{D40A6D4A-F3C1-4F0E-BE14-037F003EC378}.RelWithDebInfo|Win32.ActiveCfg = RelWithDebInfo|x64
		{D40A6D4A-F3C1-4F0E-BE14-037F003EC378}.RelWithDebInfo|x64.ActiveCfg = RelWithDebInfo|x64
		{D40A6D4A-F3C1-4F0E-BE14-037F003EC378}.RelWithDebInfo|x64.Build.0 = RelWithDebInfo|x64
		{D40A6D4A-F3C1-4F0E-BE14-037F003EC378}.Template|Mixed Platforms.ActiveCfg = RelWithDebInfo|x64
		{D40A6D4A-F3C1-4F0E-BE14-037F003EC378}.Template|Mixed Platforms.Build.0 = RelWithDebInfo|x64
		{D40A6D4A-F3C1-4F0E-BE14-037F003EC378}.Template|Win32.ActiveCfg = RelWithDebInfo|x64
		{D40A6D4A-F3C1-4F0E-BE14-037F003EC378}.Template|x64.ActiveCfg = RelWithDebInfo|x64
		{D40A6D4A-F3C1-4F0E-BE14-037F003EC378}.Template|x64.Build.0 = RelWithDebInfo|x64
		{9DCCA6CD-63AB-4E46-9A48-A324BC0C8B69}.Debug|Mixed Platforms.ActiveCfg = Debug|x64
		{9DCCA6CD-63AB-4E46-9A48-A324BC0C8B69}.Debug|Mixed Platforms.Build.0 = Debug|x64
		{9DCCA6CD-63AB-4E46-9A48-A324BC0C8B69}.Debug|Win32.ActiveCfg = Debug|x64
		{9DCCA6CD-63AB-4E46-9A48-A324BC0C8B69}.Debug|x64.ActiveCfg = Debug|x64
		{9DCCA6CD-63AB-4E46-9A48-A324BC0C8B69}.Debug|x64.Build.0 = Debug|x64
		{9DCCA6CD-63AB-4E46-9A48-A324BC0C8B69}.MinSizeRel|Mixed Platforms.ActiveCfg = MinSizeRel|x64
		{9DCCA6CD-63AB-4E46-9A48-A324BC0C8B69}.MinSizeRel|Mixed Platforms.Build.0 = MinSizeRel|x64
		{9DCCA6CD-63AB-4E46-9A48-A324BC0C8B69}.MinSizeRel|Win32.ActiveCfg = MinSizeRel|x64
		{9DCCA6CD-63AB-4E46-9A48-A324BC0C8B69}.MinSizeRel|x64.ActiveCfg = MinSizeRel|x64
		{9DCCA6CD-63AB-4E46-9A48-A324BC0C8B69}.MinSizeRel|x64.Build.0 = MinSizeRel|x64
		{9DCCA6CD-63AB-4E46-9A48-A324BC0C8B69}.Release|Mixed Platforms.ActiveCfg = Release|x64
		{9DCCA6CD-63AB-4E46-9A48-A324BC0C8B69}.Release|Mixed Platforms.Build.0 = Release|x64
		{9DCCA6CD-63AB-4E46-9A48-A324BC0C8B69}.Release|Win32.ActiveCfg = Release|x64
		{9DCCA6CD-63AB-4E46-9A48-A324BC0C8B69}.Release|x64.ActiveCfg = Release|x64
		{9DCCA6CD-63AB-4E46-9A48-A324BC0C8B69}.Release|x64.Build.0 = Release|x64
		{9DCCA6CD-63AB-4E46-9A48-A324BC0C8B69}.RelWithDebInfo|Mixed Platforms.ActiveCfg = RelWithDebInfo|x64
		{9DCCA6CD-63AB-4E46-9A48-A324BC0C8B69}.RelWithDebInfo|Mixed Platforms.Build.0 = RelWithDebInfo|x64
		{9DCCA6CD-63AB-4E46-9A48-A324BC0C8B69}.RelWithDebInfo|Win32.ActiveCfg = RelWithDebInfo|x64
		{9DCCA6CD-63AB-4E46-9A48-A324BC0C8B69}.RelWithDebInfo|x64.ActiveCfg = RelWithDebInfo|x64
		{9DCCA6CD-63AB-4E46-9A48-A324BC0C8B69}.RelWithDebInfo|x64.Build.0 = RelWithDebInfo|x64
		{9DCCA6CD-63AB-4E46-9A48-A324BC0C8B69}.Template|Mixed Platforms.ActiveCfg = RelWithDebInfo|x64
		{9DCCA6CD-63AB-4E46-9A48-A324BC0C8B69}.Template|Mixed Platforms.Build.0 = RelWithDebInfo|x64
		{9DCCA6CD-63AB-4E46-9A48-A324BC0C8B69}.Template|Win32.ActiveCfg = RelWithDebInfo|x64
		{9DCCA6CD-63AB-4E46-9A48-A324BC0C8B69}.Template|x64.ActiveCfg = RelWithDebInfo|x64
		{9DCCA6CD-63AB-4E46-9A48-A324BC0C8B69}.Template|x64.Build.0 = RelWithDebInfo|x64
	EndGlobalSection
	GlobalSection(SolutionProperties) = preSolution
		HideSolutionNode = FALSE
	EndGlobalSection
	GlobalSection(NestedProjects) = preSolution
		{F8C3CEAE-2199-33DA-9590-90AF20103E72} = {6DF14891-C439-3282-B156-90CFEBB49248}
		{2CFBDAA7-A19B-3CB6-AD6A-A02497D61B22} = {6DF14891-C439-3282-B156-90CFEBB49248}
		{F857442E-3BA8-3FCC-BA7B-2BB4446810B5} = {6DF14891-C439-3282-B156-90CFEBB49248}
		{91E03643-09F3-40D5-97E8-3D1CBE4757B6} = {6DF14891-C439-3282-B156-90CFEBB49248}
		{80B233EB-2B71-3DB0-A4A7-56A6BF9BF3B5} = {6DF14891-C439-3282-B156-90CFEBB49248}
		{E8EE982D-7FA9-3F59-B4DC-C39B4A2C9421} = {6DF14891-C439-3282-B156-90CFEBB49248}
		{4523191D-6BA4-3399-9FDF-982EA8C7B120} = {6DF14891-C439-3282-B156-90CFEBB49248}
		{6CB9B2D6-2C53-394E-AD64-C7E3CE743486} = {6DF14891-C439-3282-B156-90CFEBB49248}
		{2DBFB0C8-E7AC-326B-B70B-182D974166A5} = {6DF14891-C439-3282-B156-90CFEBB49248}
		{14B3AD82-5D37-30AC-AF00-A673E72913EA} = {6DF14891-C439-3282-B156-90CFEBB49248}
		{88C7D022-4D18-3BB4-9239-B4E859C606AA} = {6DF14891-C439-3282-B156-90CFEBB49248}
		{625D327E-D090-358B-B9EA-75E414A2D141} = {6DF14891-C439-3282-B156-90CFEBB49248}
		{7E94A71D-6CC5-39D2-8C80-2E80599FAABF} = {6DF14891-C439-3282-B156-90CFEBB49248}
		{FAF315BF-792B-3809-82BD-340F467386C6} = {6DF14891-C439-3282-B156-90CFEBB49248}
		{6E757EF2-7977-3DF0-9305-7687577CCB9C} = {6DF14891-C439-3282-B156-90CFEBB49248}
		{E99E7EEE-B5D0-343A-B305-2DD0A0EAF4C4} = {6DF14891-C439-3282-B156-90CFEBB49248}
		{A05FC387-154B-3C9E-9BD4-326A4606720E} = {6DF14891-C439-3282-B156-90CFEBB49248}
		{DC4746A8-3FBE-3D96-B9A4-A217B2834F26} = {6DF14891-C439-3282-B156-90CFEBB49248}
		{9DCCA6CD-63AB-4E46-9A48-A324BC0C8B69} = {273C2EED-AF8E-4E7E-AD03-67092113774A}
		{ADF627C5-9D48-3538-BC42-876A42831114} = {D6E3E291-BC48-41CE-A94F-91A66EC6CE83}
		{09669D93-9B96-472E-94A4-FD67DB526EE2} = {D6E3E291-BC48-41CE-A94F-91A66EC6CE83}
		{21582847-E19D-3B0A-B5EE-79B5DE0EA3A2} = {D6E3E291-BC48-41CE-A94F-91A66EC6CE83}
		{6F3E286D-6BF2-3F0A-88ED-F7373DB12AA9} = {D6E3E291-BC48-41CE-A94F-91A66EC6CE83}
		{FD5B519B-5DBF-48E3-AA90-BDAF5A638B0D} = {D6E3E291-BC48-41CE-A94F-91A66EC6CE83}
		{E3DB16EF-D849-4E0E-BB7D-7D06094E8FA6} = {D6E3E291-BC48-41CE-A94F-91A66EC6CE83}
		{E46F96A4-2374-36E8-87D2-A901217175E4} = {D6E3E291-BC48-41CE-A94F-91A66EC6CE83}
		{E946C425-BAED-3885-91B0-2CFF6A7B9449} = {D6E3E291-BC48-41CE-A94F-91A66EC6CE83}
		{39FE7C54-1F48-34ED-B590-40CB720EAC94} = {D6E3E291-BC48-41CE-A94F-91A66EC6CE83}
		{49F87719-2CB4-3251-8F27-DAD0484DD698} = {D6E3E291-BC48-41CE-A94F-91A66EC6CE83}
		{2F559BE3-6FA5-3CE7-93FA-ED813454EEDA} = {D6E3E291-BC48-41CE-A94F-91A66EC6CE83}
		{AB62C978-D46A-452B-9650-5025152EC7ED} = {D6E3E291-BC48-41CE-A94F-91A66EC6CE83}
		{D40A6D4A-F3C1-4F0E-BE14-037F003EC378} = {D6E3E291-BC48-41CE-A94F-91A66EC6CE83}
	EndGlobalSection
	GlobalSection(ExtensibilityGlobals) = postSolution
		VisualSVNWorkingCopyRoot = ..\OpenSceneGraph-3.4.1\include\BaseTool
		QtVersion = QTDIR
	EndGlobalSection
EndGlobal
