<?xml version="1.0" encoding="utf-8"?>
<Project ToolsVersion="4.0" xmlns="http://schemas.microsoft.com/developer/msbuild/2003">
  <ItemGroup>
    <Filter Include="Source Files">
      <UniqueIdentifier>{CA826E3F-CC56-3944-88F0-C68CB022E870}</UniqueIdentifier>
    </Filter>
    <Filter Include="Header Files">
      <UniqueIdentifier>{BC97BF6F-A6B9-3529-A9D2-004880E8C06A}</UniqueIdentifier>
    </Filter>
  </ItemGroup>
  <ItemGroup>
    <ClCompile Include="..\..\..\..\OpenSceneGraph-3.4.1\src\osgPlugins\freetype\ReaderWriterFreeType.cpp">
      <Filter>Source Files</Filter>
    </ClCompile>
    <ClCompile Include="..\..\..\..\OpenSceneGraph-3.4.1\src\osgPlugins\freetype\FreeTypeLibrary.cpp">
      <Filter>Source Files</Filter>
    </ClCompile>
    <ClCompile Include="..\..\..\..\OpenSceneGraph-3.4.1\src\osgPlugins\freetype\FreeTypeFont.cpp">
      <Filter>Source Files</Filter>
    </ClCompile>
  </ItemGroup>
  <ItemGroup>
    <ClInclude Include="..\..\..\..\OpenSceneGraph-3.4.1\src\osgPlugins\freetype\FreeTypeFont.h">
      <Filter>Header Files</Filter>
    </ClInclude>
    <ClInclude Include="..\..\..\..\OpenSceneGraph-3.4.1\src\osgPlugins\freetype\FreeTypeLibrary.h">
      <Filter>Header Files</Filter>
    </ClInclude>
  </ItemGroup>
</Project>